
Microsoft Visual Studio Solution File, Format Version 12.00
# Visual Studio Version 16
VisualStudioVersion = 16.0.29418.71
MinimumVisualStudioVersion = 10.0.40219.1
Project("{9A19103F-16F7-4668-BE54-9A1E7A4F7556}") = "Dungeon.Monogame", "Dungeon.Monogame\Dungeon.Monogame.csproj", "{2DB0F161-11A8-441C-BAF4-E26F5A917692}"
EndProject
Project("{2150E333-8FDC-42A3-9474-1A3956D46DE8}") = "Tools", "Tools", "{5FB1E387-84A2-47BC-8C07-497293307A3C}"
EndProject
Project("{9A19103F-16F7-4668-BE54-9A1E7A4F7556}") = "Dungeon", "Dungeon\Dungeon.csproj", "{977361C4-400E-433A-9C04-75B9E0BEBDD9}"
EndProject
Project("{FAE04EC0-301F-11D3-BF4B-00C04F79EFBC}") = "Dungeon.ConversationDesigner", "Tools\Dungeon.ConversationDesigner\Dungeon.ConversationDesigner.csproj", "{92ECAF06-208D-4AFB-976F-9E445C195CFB}"
EndProject
Project("{9A19103F-16F7-4668-BE54-9A1E7A4F7556}") = "Dungeon.Monogame.ContentImporter", "Tools\Dungeon.Monogame.ContentImporter\Dungeon.Monogame.ContentImporter.csproj", "{95968357-1330-428E-93FF-825C2B71A846}"
EndProject
Project("{9A19103F-16F7-4668-BE54-9A1E7A4F7556}") = "Dungeon.Monogame.FontGenerator", "Tools\Dungeon.Monogame.FontGenerator\Dungeon.Monogame.FontGenerator.csproj", "{FB24BF05-96E9-4F53-8D28-6D98C348B006}"
EndProject
Project("{9A19103F-16F7-4668-BE54-9A1E7A4F7556}") = "Dungeon.Tools", "Tools\Dungeon.Tools\Dungeon.Tools.csproj", "{A251EAE9-A989-44B7-8994-574A3CE9ED0D}"
EndProject
Project("{9A19103F-16F7-4668-BE54-9A1E7A4F7556}") = "Dungeon.Updater", "Tools\Dungeon.Updater\Dungeon.Updater.csproj", "{B95E9996-81B6-4FFC-9294-491AB5BEAA5D}"
EndProject
Project("{9A19103F-16F7-4668-BE54-9A1E7A4F7556}") = "Dungeon.UpdateServer", "Tools\Dungeon.UpdateServer\Dungeon.UpdateServer.csproj", "{0AA947F9-16FF-4E8D-8EC6-2D105B76396A}"
EndProject
Project("{9A19103F-16F7-4668-BE54-9A1E7A4F7556}") = "Dungeon12.Alpha", "Dungeon12.Alpha\Dungeon12.Alpha.csproj", "{8F28905E-0AC2-40E3-8A38-06AE2F4A00EA}"
EndProject
Project("{9A19103F-16F7-4668-BE54-9A1E7A4F7556}") = "Dungeon12", "Dungeon12\Dungeon12.csproj", "{E8206113-FBCB-4E38-A280-F424CE9DD4FA}"
EndProject
Global
	GlobalSection(SolutionConfigurationPlatforms) = preSolution
		CompileDatabase|Any CPU = CompileDatabase|Any CPU
		CompileDatabase|x86 = CompileDatabase|x86
		Debug|Any CPU = Debug|Any CPU
		Debug|x86 = Debug|x86
		Release|Any CPU = Release|Any CPU
		Release|x86 = Release|x86
	EndGlobalSection
	GlobalSection(ProjectConfigurationPlatforms) = postSolution
		{2DB0F161-11A8-441C-BAF4-E26F5A917692}.CompileDatabase|Any CPU.ActiveCfg = CompileDatabase|Any CPU
		{2DB0F161-11A8-441C-BAF4-E26F5A917692}.CompileDatabase|Any CPU.Build.0 = CompileDatabase|Any CPU
		{2DB0F161-11A8-441C-BAF4-E26F5A917692}.CompileDatabase|x86.ActiveCfg = CompileDatabase|Any CPU
		{2DB0F161-11A8-441C-BAF4-E26F5A917692}.CompileDatabase|x86.Build.0 = CompileDatabase|Any CPU
		{2DB0F161-11A8-441C-BAF4-E26F5A917692}.Debug|Any CPU.ActiveCfg = Debug|Any CPU
		{2DB0F161-11A8-441C-BAF4-E26F5A917692}.Debug|Any CPU.Build.0 = Debug|Any CPU
		{2DB0F161-11A8-441C-BAF4-E26F5A917692}.Debug|x86.ActiveCfg = Debug|Any CPU
		{2DB0F161-11A8-441C-BAF4-E26F5A917692}.Debug|x86.Build.0 = Debug|Any CPU
		{2DB0F161-11A8-441C-BAF4-E26F5A917692}.Release|Any CPU.ActiveCfg = Release|Any CPU
		{2DB0F161-11A8-441C-BAF4-E26F5A917692}.Release|Any CPU.Build.0 = Release|Any CPU
		{2DB0F161-11A8-441C-BAF4-E26F5A917692}.Release|x86.ActiveCfg = Release|Any CPU
		{2DB0F161-11A8-441C-BAF4-E26F5A917692}.Release|x86.Build.0 = Release|Any CPU
		{977361C4-400E-433A-9C04-75B9E0BEBDD9}.CompileDatabase|Any CPU.ActiveCfg = Debug|Any CPU
		{977361C4-400E-433A-9C04-75B9E0BEBDD9}.CompileDatabase|Any CPU.Build.0 = Debug|Any CPU
		{977361C4-400E-433A-9C04-75B9E0BEBDD9}.CompileDatabase|x86.ActiveCfg = CompileDatabase|Any CPU
		{977361C4-400E-433A-9C04-75B9E0BEBDD9}.CompileDatabase|x86.Build.0 = CompileDatabase|Any CPU
		{977361C4-400E-433A-9C04-75B9E0BEBDD9}.Debug|Any CPU.ActiveCfg = Debug|Any CPU
		{977361C4-400E-433A-9C04-75B9E0BEBDD9}.Debug|Any CPU.Build.0 = Debug|Any CPU
		{977361C4-400E-433A-9C04-75B9E0BEBDD9}.Debug|x86.ActiveCfg = Debug|Any CPU
		{977361C4-400E-433A-9C04-75B9E0BEBDD9}.Debug|x86.Build.0 = Debug|Any CPU
		{977361C4-400E-433A-9C04-75B9E0BEBDD9}.Release|Any CPU.ActiveCfg = Release|Any CPU
		{977361C4-400E-433A-9C04-75B9E0BEBDD9}.Release|Any CPU.Build.0 = Release|Any CPU
		{977361C4-400E-433A-9C04-75B9E0BEBDD9}.Release|x86.ActiveCfg = Release|Any CPU
		{977361C4-400E-433A-9C04-75B9E0BEBDD9}.Release|x86.Build.0 = Release|Any CPU
		{92ECAF06-208D-4AFB-976F-9E445C195CFB}.CompileDatabase|Any CPU.ActiveCfg = Debug|Any CPU
		{92ECAF06-208D-4AFB-976F-9E445C195CFB}.CompileDatabase|Any CPU.Build.0 = Debug|Any CPU
		{92ECAF06-208D-4AFB-976F-9E445C195CFB}.CompileDatabase|x86.ActiveCfg = Debug|Any CPU
		{92ECAF06-208D-4AFB-976F-9E445C195CFB}.CompileDatabase|x86.Build.0 = Debug|Any CPU
		{92ECAF06-208D-4AFB-976F-9E445C195CFB}.Debug|Any CPU.ActiveCfg = Debug|Any CPU
		{92ECAF06-208D-4AFB-976F-9E445C195CFB}.Debug|Any CPU.Build.0 = Debug|Any CPU
		{92ECAF06-208D-4AFB-976F-9E445C195CFB}.Debug|x86.ActiveCfg = Debug|Any CPU
		{92ECAF06-208D-4AFB-976F-9E445C195CFB}.Debug|x86.Build.0 = Debug|Any CPU
		{92ECAF06-208D-4AFB-976F-9E445C195CFB}.Release|Any CPU.ActiveCfg = Release|Any CPU
		{92ECAF06-208D-4AFB-976F-9E445C195CFB}.Release|Any CPU.Build.0 = Release|Any CPU
		{92ECAF06-208D-4AFB-976F-9E445C195CFB}.Release|x86.ActiveCfg = Release|Any CPU
		{92ECAF06-208D-4AFB-976F-9E445C195CFB}.Release|x86.Build.0 = Release|Any CPU
		{95968357-1330-428E-93FF-825C2B71A846}.CompileDatabase|Any CPU.ActiveCfg = Debug|Any CPU
		{95968357-1330-428E-93FF-825C2B71A846}.CompileDatabase|Any CPU.Build.0 = Debug|Any CPU
		{95968357-1330-428E-93FF-825C2B71A846}.CompileDatabase|x86.ActiveCfg = Debug|Any CPU
		{95968357-1330-428E-93FF-825C2B71A846}.CompileDatabase|x86.Build.0 = Debug|Any CPU
		{95968357-1330-428E-93FF-825C2B71A846}.Debug|Any CPU.ActiveCfg = Debug|Any CPU
		{95968357-1330-428E-93FF-825C2B71A846}.Debug|Any CPU.Build.0 = Debug|Any CPU
		{95968357-1330-428E-93FF-825C2B71A846}.Debug|x86.ActiveCfg = Debug|Any CPU
		{95968357-1330-428E-93FF-825C2B71A846}.Debug|x86.Build.0 = Debug|Any CPU
		{95968357-1330-428E-93FF-825C2B71A846}.Release|Any CPU.ActiveCfg = Release|Any CPU
		{95968357-1330-428E-93FF-825C2B71A846}.Release|Any CPU.Build.0 = Release|Any CPU
		{95968357-1330-428E-93FF-825C2B71A846}.Release|x86.ActiveCfg = Release|Any CPU
		{95968357-1330-428E-93FF-825C2B71A846}.Release|x86.Build.0 = Release|Any CPU
		{FB24BF05-96E9-4F53-8D28-6D98C348B006}.CompileDatabase|Any CPU.ActiveCfg = Debug|Any CPU
		{FB24BF05-96E9-4F53-8D28-6D98C348B006}.CompileDatabase|Any CPU.Build.0 = Debug|Any CPU
		{FB24BF05-96E9-4F53-8D28-6D98C348B006}.CompileDatabase|x86.ActiveCfg = Debug|Any CPU
		{FB24BF05-96E9-4F53-8D28-6D98C348B006}.CompileDatabase|x86.Build.0 = Debug|Any CPU
		{FB24BF05-96E9-4F53-8D28-6D98C348B006}.Debug|Any CPU.ActiveCfg = Debug|Any CPU
		{FB24BF05-96E9-4F53-8D28-6D98C348B006}.Debug|Any CPU.Build.0 = Debug|Any CPU
		{FB24BF05-96E9-4F53-8D28-6D98C348B006}.Debug|x86.ActiveCfg = Debug|Any CPU
		{FB24BF05-96E9-4F53-8D28-6D98C348B006}.Debug|x86.Build.0 = Debug|Any CPU
		{FB24BF05-96E9-4F53-8D28-6D98C348B006}.Release|Any CPU.ActiveCfg = Release|Any CPU
		{FB24BF05-96E9-4F53-8D28-6D98C348B006}.Release|Any CPU.Build.0 = Release|Any CPU
		{FB24BF05-96E9-4F53-8D28-6D98C348B006}.Release|x86.ActiveCfg = Release|Any CPU
		{FB24BF05-96E9-4F53-8D28-6D98C348B006}.Release|x86.Build.0 = Release|Any CPU
		{A251EAE9-A989-44B7-8994-574A3CE9ED0D}.CompileDatabase|Any CPU.ActiveCfg = Debug|Any CPU
		{A251EAE9-A989-44B7-8994-574A3CE9ED0D}.CompileDatabase|Any CPU.Build.0 = Debug|Any CPU
		{A251EAE9-A989-44B7-8994-574A3CE9ED0D}.CompileDatabase|x86.ActiveCfg = Debug|Any CPU
		{A251EAE9-A989-44B7-8994-574A3CE9ED0D}.CompileDatabase|x86.Build.0 = Debug|Any CPU
		{A251EAE9-A989-44B7-8994-574A3CE9ED0D}.Debug|Any CPU.ActiveCfg = Debug|Any CPU
		{A251EAE9-A989-44B7-8994-574A3CE9ED0D}.Debug|Any CPU.Build.0 = Debug|Any CPU
		{A251EAE9-A989-44B7-8994-574A3CE9ED0D}.Debug|x86.ActiveCfg = Debug|Any CPU
		{A251EAE9-A989-44B7-8994-574A3CE9ED0D}.Debug|x86.Build.0 = Debug|Any CPU
		{A251EAE9-A989-44B7-8994-574A3CE9ED0D}.Release|Any CPU.ActiveCfg = Release|Any CPU
		{A251EAE9-A989-44B7-8994-574A3CE9ED0D}.Release|Any CPU.Build.0 = Release|Any CPU
		{A251EAE9-A989-44B7-8994-574A3CE9ED0D}.Release|x86.ActiveCfg = Release|Any CPU
		{A251EAE9-A989-44B7-8994-574A3CE9ED0D}.Release|x86.Build.0 = Release|Any CPU
		{B95E9996-81B6-4FFC-9294-491AB5BEAA5D}.CompileDatabase|Any CPU.ActiveCfg = Debug|Any CPU
		{B95E9996-81B6-4FFC-9294-491AB5BEAA5D}.CompileDatabase|Any CPU.Build.0 = Debug|Any CPU
		{B95E9996-81B6-4FFC-9294-491AB5BEAA5D}.CompileDatabase|x86.ActiveCfg = Debug|Any CPU
		{B95E9996-81B6-4FFC-9294-491AB5BEAA5D}.CompileDatabase|x86.Build.0 = Debug|Any CPU
		{B95E9996-81B6-4FFC-9294-491AB5BEAA5D}.Debug|Any CPU.ActiveCfg = Debug|Any CPU
		{B95E9996-81B6-4FFC-9294-491AB5BEAA5D}.Debug|Any CPU.Build.0 = Debug|Any CPU
		{B95E9996-81B6-4FFC-9294-491AB5BEAA5D}.Debug|x86.ActiveCfg = Debug|Any CPU
		{B95E9996-81B6-4FFC-9294-491AB5BEAA5D}.Debug|x86.Build.0 = Debug|Any CPU
		{B95E9996-81B6-4FFC-9294-491AB5BEAA5D}.Release|Any CPU.ActiveCfg = Release|Any CPU
		{B95E9996-81B6-4FFC-9294-491AB5BEAA5D}.Release|Any CPU.Build.0 = Release|Any CPU
		{B95E9996-81B6-4FFC-9294-491AB5BEAA5D}.Release|x86.ActiveCfg = Release|Any CPU
		{B95E9996-81B6-4FFC-9294-491AB5BEAA5D}.Release|x86.Build.0 = Release|Any CPU
		{0AA947F9-16FF-4E8D-8EC6-2D105B76396A}.CompileDatabase|Any CPU.ActiveCfg = Debug|Any CPU
		{0AA947F9-16FF-4E8D-8EC6-2D105B76396A}.CompileDatabase|Any CPU.Build.0 = Debug|Any CPU
		{0AA947F9-16FF-4E8D-8EC6-2D105B76396A}.CompileDatabase|x86.ActiveCfg = Debug|Any CPU
		{0AA947F9-16FF-4E8D-8EC6-2D105B76396A}.CompileDatabase|x86.Build.0 = Debug|Any CPU
		{0AA947F9-16FF-4E8D-8EC6-2D105B76396A}.Debug|Any CPU.ActiveCfg = Debug|Any CPU
		{0AA947F9-16FF-4E8D-8EC6-2D105B76396A}.Debug|Any CPU.Build.0 = Debug|Any CPU
		{0AA947F9-16FF-4E8D-8EC6-2D105B76396A}.Debug|x86.ActiveCfg = Debug|Any CPU
		{0AA947F9-16FF-4E8D-8EC6-2D105B76396A}.Debug|x86.Build.0 = Debug|Any CPU
		{0AA947F9-16FF-4E8D-8EC6-2D105B76396A}.Release|Any CPU.ActiveCfg = Release|Any CPU
		{0AA947F9-16FF-4E8D-8EC6-2D105B76396A}.Release|Any CPU.Build.0 = Release|Any CPU
		{0AA947F9-16FF-4E8D-8EC6-2D105B76396A}.Release|x86.ActiveCfg = Release|Any CPU
		{0AA947F9-16FF-4E8D-8EC6-2D105B76396A}.Release|x86.Build.0 = Release|Any CPU
		{8F28905E-0AC2-40E3-8A38-06AE2F4A00EA}.CompileDatabase|Any CPU.ActiveCfg = Debug|Any CPU
		{8F28905E-0AC2-40E3-8A38-06AE2F4A00EA}.CompileDatabase|Any CPU.Build.0 = Debug|Any CPU
		{8F28905E-0AC2-40E3-8A38-06AE2F4A00EA}.CompileDatabase|x86.ActiveCfg = Debug|Any CPU
		{8F28905E-0AC2-40E3-8A38-06AE2F4A00EA}.CompileDatabase|x86.Build.0 = Debug|Any CPU
		{8F28905E-0AC2-40E3-8A38-06AE2F4A00EA}.Debug|Any CPU.ActiveCfg = Debug|Any CPU
		{8F28905E-0AC2-40E3-8A38-06AE2F4A00EA}.Debug|Any CPU.Build.0 = Debug|Any CPU
		{8F28905E-0AC2-40E3-8A38-06AE2F4A00EA}.Debug|x86.ActiveCfg = Debug|Any CPU
		{8F28905E-0AC2-40E3-8A38-06AE2F4A00EA}.Debug|x86.Build.0 = Debug|Any CPU
		{8F28905E-0AC2-40E3-8A38-06AE2F4A00EA}.Release|Any CPU.ActiveCfg = Release|Any CPU
		{8F28905E-0AC2-40E3-8A38-06AE2F4A00EA}.Release|Any CPU.Build.0 = Release|Any CPU
		{8F28905E-0AC2-40E3-8A38-06AE2F4A00EA}.Release|x86.ActiveCfg = Release|Any CPU
		{8F28905E-0AC2-40E3-8A38-06AE2F4A00EA}.Release|x86.Build.0 = Release|Any CPU
		{E8206113-FBCB-4E38-A280-F424CE9DD4FA}.CompileDatabase|Any CPU.ActiveCfg = Debug|Any CPU
		{E8206113-FBCB-4E38-A280-F424CE9DD4FA}.CompileDatabase|Any CPU.Build.0 = Debug|Any CPU
		{E8206113-FBCB-4E38-A280-F424CE9DD4FA}.CompileDatabase|x86.ActiveCfg = Debug|Any CPU
		{E8206113-FBCB-4E38-A280-F424CE9DD4FA}.CompileDatabase|x86.Build.0 = Debug|Any CPU
		{E8206113-FBCB-4E38-A280-F424CE9DD4FA}.Debug|Any CPU.ActiveCfg = Debug|Any CPU
		{E8206113-FBCB-4E38-A280-F424CE9DD4FA}.Debug|Any CPU.Build.0 = Debug|Any CPU
		{E8206113-FBCB-4E38-A280-F424CE9DD4FA}.Debug|x86.ActiveCfg = Debug|Any CPU
		{E8206113-FBCB-4E38-A280-F424CE9DD4FA}.Debug|x86.Build.0 = Debug|Any CPU
		{E8206113-FBCB-4E38-A280-F424CE9DD4FA}.Release|Any CPU.ActiveCfg = Release|Any CPU
		{E8206113-FBCB-4E38-A280-F424CE9DD4FA}.Release|Any CPU.Build.0 = Release|Any CPU
		{E8206113-FBCB-4E38-A280-F424CE9DD4FA}.Release|x86.ActiveCfg = Release|Any CPU
		{E8206113-FBCB-4E38-A280-F424CE9DD4FA}.Release|x86.Build.0 = Release|Any CPU
	EndGlobalSection
	GlobalSection(SolutionProperties) = preSolution
		HideSolutionNode = FALSE
	EndGlobalSection
	GlobalSection(NestedProjects) = preSolution
		{92ECAF06-208D-4AFB-976F-9E445C195CFB} = {5FB1E387-84A2-47BC-8C07-497293307A3C}
		{95968357-1330-428E-93FF-825C2B71A846} = {5FB1E387-84A2-47BC-8C07-497293307A3C}
		{FB24BF05-96E9-4F53-8D28-6D98C348B006} = {5FB1E387-84A2-47BC-8C07-497293307A3C}
		{A251EAE9-A989-44B7-8994-574A3CE9ED0D} = {5FB1E387-84A2-47BC-8C07-497293307A3C}
		{B95E9996-81B6-4FFC-9294-491AB5BEAA5D} = {5FB1E387-84A2-47BC-8C07-497293307A3C}
		{0AA947F9-16FF-4E8D-8EC6-2D105B76396A} = {5FB1E387-84A2-47BC-8C07-497293307A3C}
	EndGlobalSection
	GlobalSection(ExtensibilityGlobals) = postSolution
		SolutionGuid = {ED22073D-6C04-4F62-80B2-5EE0EA19C68D}
	EndGlobalSection
EndGlobal
