
Microsoft Visual Studio Solution File, Format Version 12.00
# Visual Studio Version 16
VisualStudioVersion = 16.0.29418.71
MinimumVisualStudioVersion = 10.0.40219.1
Project("{9A19103F-16F7-4668-BE54-9A1E7A4F7556}") = "Dungeon12", "Dungeon12\Dungeon12.csproj", "{70590534-D7F4-49E5-84A2-89E2AA1BC3A2}"
EndProject
Project("{9A19103F-16F7-4668-BE54-9A1E7A4F7556}") = "Dungeon12.Bowman", "Dungeon12.Bowman\Dungeon12.Bowman.csproj", "{5EB79F34-9FAD-4056-A6DB-970EE0151C43}"
EndProject
Project("{9A19103F-16F7-4668-BE54-9A1E7A4F7556}") = "Dungeon12.Servant", "Dungeon12.Servant\Dungeon12.Servant.csproj", "{9BBBEC71-B0A3-40BE-850A-73063014D4A7}"
EndProject
Project("{9A19103F-16F7-4668-BE54-9A1E7A4F7556}") = "Dungeon.Monogame", "Dungeon.Monogame\Dungeon.Monogame.csproj", "{2DB0F161-11A8-441C-BAF4-E26F5A917692}"
EndProject
Project("{2150E333-8FDC-42A3-9474-1A3956D46DE8}") = "Tools", "Tools", "{5FB1E387-84A2-47BC-8C07-497293307A3C}"
EndProject
Project("{9A19103F-16F7-4668-BE54-9A1E7A4F7556}") = "Dungeon.Tools", "Dungeon.Tools\Dungeon.Tools.csproj", "{7870B6B5-6868-4406-AAD8-94D147A56795}"
EndProject
Project("{9A19103F-16F7-4668-BE54-9A1E7A4F7556}") = "Dungeon", "Dungeon\Dungeon.csproj", "{977361C4-400E-433A-9C04-75B9E0BEBDD9}"
EndProject
Project("{FAE04EC0-301F-11D3-BF4B-00C04F79EFBC}") = "Dungeon.ConversationDesigner", "Dungeon.ConversationDesigner\Dungeon.ConversationDesigner.csproj", "{92ECAF06-208D-4AFB-976F-9E445C195CFB}"
EndProject
Global
	GlobalSection(SolutionConfigurationPlatforms) = preSolution
		CompileDatabase|Any CPU = CompileDatabase|Any CPU
		CompileDatabase|x86 = CompileDatabase|x86
		Debug|Any CPU = Debug|Any CPU
		Debug|x86 = Debug|x86
		Release|Any CPU = Release|Any CPU
		Release|x86 = Release|x86
	EndGlobalSection
	GlobalSection(ProjectConfigurationPlatforms) = postSolution
		{70590534-D7F4-49E5-84A2-89E2AA1BC3A2}.CompileDatabase|Any CPU.ActiveCfg = Release|Any CPU
		{70590534-D7F4-49E5-84A2-89E2AA1BC3A2}.CompileDatabase|Any CPU.Build.0 = Release|Any CPU
		{70590534-D7F4-49E5-84A2-89E2AA1BC3A2}.CompileDatabase|x86.ActiveCfg = Release|Any CPU
		{70590534-D7F4-49E5-84A2-89E2AA1BC3A2}.CompileDatabase|x86.Build.0 = Release|Any CPU
		{70590534-D7F4-49E5-84A2-89E2AA1BC3A2}.Debug|Any CPU.ActiveCfg = Debug|Any CPU
		{70590534-D7F4-49E5-84A2-89E2AA1BC3A2}.Debug|Any CPU.Build.0 = Debug|Any CPU
		{70590534-D7F4-49E5-84A2-89E2AA1BC3A2}.Debug|x86.ActiveCfg = Debug|Any CPU
		{70590534-D7F4-49E5-84A2-89E2AA1BC3A2}.Debug|x86.Build.0 = Debug|Any CPU
		{70590534-D7F4-49E5-84A2-89E2AA1BC3A2}.Release|Any CPU.ActiveCfg = Release|Any CPU
		{70590534-D7F4-49E5-84A2-89E2AA1BC3A2}.Release|Any CPU.Build.0 = Release|Any CPU
		{70590534-D7F4-49E5-84A2-89E2AA1BC3A2}.Release|x86.ActiveCfg = Release|Any CPU
		{70590534-D7F4-49E5-84A2-89E2AA1BC3A2}.Release|x86.Build.0 = Release|Any CPU
		{5EB79F34-9FAD-4056-A6DB-970EE0151C43}.CompileDatabase|Any CPU.ActiveCfg = Release|Any CPU
		{5EB79F34-9FAD-4056-A6DB-970EE0151C43}.CompileDatabase|Any CPU.Build.0 = Release|Any CPU
		{5EB79F34-9FAD-4056-A6DB-970EE0151C43}.CompileDatabase|x86.ActiveCfg = Release|Any CPU
		{5EB79F34-9FAD-4056-A6DB-970EE0151C43}.CompileDatabase|x86.Build.0 = Release|Any CPU
		{5EB79F34-9FAD-4056-A6DB-970EE0151C43}.Debug|Any CPU.ActiveCfg = Debug|Any CPU
		{5EB79F34-9FAD-4056-A6DB-970EE0151C43}.Debug|Any CPU.Build.0 = Debug|Any CPU
		{5EB79F34-9FAD-4056-A6DB-970EE0151C43}.Debug|x86.ActiveCfg = Debug|Any CPU
		{5EB79F34-9FAD-4056-A6DB-970EE0151C43}.Debug|x86.Build.0 = Debug|Any CPU
		{5EB79F34-9FAD-4056-A6DB-970EE0151C43}.Release|Any CPU.ActiveCfg = Release|Any CPU
		{5EB79F34-9FAD-4056-A6DB-970EE0151C43}.Release|Any CPU.Build.0 = Release|Any CPU
		{5EB79F34-9FAD-4056-A6DB-970EE0151C43}.Release|x86.ActiveCfg = Release|Any CPU
		{5EB79F34-9FAD-4056-A6DB-970EE0151C43}.Release|x86.Build.0 = Release|Any CPU
		{9BBBEC71-B0A3-40BE-850A-73063014D4A7}.CompileDatabase|Any CPU.ActiveCfg = Release|Any CPU
		{9BBBEC71-B0A3-40BE-850A-73063014D4A7}.CompileDatabase|Any CPU.Build.0 = Release|Any CPU
		{9BBBEC71-B0A3-40BE-850A-73063014D4A7}.CompileDatabase|x86.ActiveCfg = Release|Any CPU
		{9BBBEC71-B0A3-40BE-850A-73063014D4A7}.CompileDatabase|x86.Build.0 = Release|Any CPU
		{9BBBEC71-B0A3-40BE-850A-73063014D4A7}.Debug|Any CPU.ActiveCfg = Debug|Any CPU
		{9BBBEC71-B0A3-40BE-850A-73063014D4A7}.Debug|Any CPU.Build.0 = Debug|Any CPU
		{9BBBEC71-B0A3-40BE-850A-73063014D4A7}.Debug|x86.ActiveCfg = Debug|Any CPU
		{9BBBEC71-B0A3-40BE-850A-73063014D4A7}.Debug|x86.Build.0 = Debug|Any CPU
		{9BBBEC71-B0A3-40BE-850A-73063014D4A7}.Release|Any CPU.ActiveCfg = Release|Any CPU
		{9BBBEC71-B0A3-40BE-850A-73063014D4A7}.Release|Any CPU.Build.0 = Release|Any CPU
		{9BBBEC71-B0A3-40BE-850A-73063014D4A7}.Release|x86.ActiveCfg = Release|Any CPU
		{9BBBEC71-B0A3-40BE-850A-73063014D4A7}.Release|x86.Build.0 = Release|Any CPU
		{2DB0F161-11A8-441C-BAF4-E26F5A917692}.CompileDatabase|Any CPU.ActiveCfg = CompileDatabase|Any CPU
		{2DB0F161-11A8-441C-BAF4-E26F5A917692}.CompileDatabase|Any CPU.Build.0 = CompileDatabase|Any CPU
		{2DB0F161-11A8-441C-BAF4-E26F5A917692}.CompileDatabase|x86.ActiveCfg = CompileDatabase|Any CPU
		{2DB0F161-11A8-441C-BAF4-E26F5A917692}.CompileDatabase|x86.Build.0 = CompileDatabase|Any CPU
		{2DB0F161-11A8-441C-BAF4-E26F5A917692}.Debug|Any CPU.ActiveCfg = Debug|Any CPU
		{2DB0F161-11A8-441C-BAF4-E26F5A917692}.Debug|Any CPU.Build.0 = Debug|Any CPU
		{2DB0F161-11A8-441C-BAF4-E26F5A917692}.Debug|x86.ActiveCfg = Debug|Any CPU
		{2DB0F161-11A8-441C-BAF4-E26F5A917692}.Debug|x86.Build.0 = Debug|Any CPU
		{2DB0F161-11A8-441C-BAF4-E26F5A917692}.Release|Any CPU.ActiveCfg = Release|Any CPU
		{2DB0F161-11A8-441C-BAF4-E26F5A917692}.Release|Any CPU.Build.0 = Release|Any CPU
		{2DB0F161-11A8-441C-BAF4-E26F5A917692}.Release|x86.ActiveCfg = Release|Any CPU
		{2DB0F161-11A8-441C-BAF4-E26F5A917692}.Release|x86.Build.0 = Release|Any CPU
		{7870B6B5-6868-4406-AAD8-94D147A56795}.CompileDatabase|Any CPU.ActiveCfg = Release|Any CPU
		{7870B6B5-6868-4406-AAD8-94D147A56795}.CompileDatabase|Any CPU.Build.0 = Release|Any CPU
		{7870B6B5-6868-4406-AAD8-94D147A56795}.CompileDatabase|x86.ActiveCfg = Release|Any CPU
		{7870B6B5-6868-4406-AAD8-94D147A56795}.CompileDatabase|x86.Build.0 = Release|Any CPU
		{7870B6B5-6868-4406-AAD8-94D147A56795}.Debug|Any CPU.ActiveCfg = Debug|Any CPU
		{7870B6B5-6868-4406-AAD8-94D147A56795}.Debug|Any CPU.Build.0 = Debug|Any CPU
		{7870B6B5-6868-4406-AAD8-94D147A56795}.Debug|x86.ActiveCfg = Debug|Any CPU
		{7870B6B5-6868-4406-AAD8-94D147A56795}.Debug|x86.Build.0 = Debug|Any CPU
		{7870B6B5-6868-4406-AAD8-94D147A56795}.Release|Any CPU.ActiveCfg = Release|Any CPU
		{7870B6B5-6868-4406-AAD8-94D147A56795}.Release|Any CPU.Build.0 = Release|Any CPU
		{7870B6B5-6868-4406-AAD8-94D147A56795}.Release|x86.ActiveCfg = Release|Any CPU
		{7870B6B5-6868-4406-AAD8-94D147A56795}.Release|x86.Build.0 = Release|Any CPU
		{977361C4-400E-433A-9C04-75B9E0BEBDD9}.CompileDatabase|Any CPU.ActiveCfg = Debug|Any CPU
		{977361C4-400E-433A-9C04-75B9E0BEBDD9}.CompileDatabase|Any CPU.Build.0 = Debug|Any CPU
		{977361C4-400E-433A-9C04-75B9E0BEBDD9}.CompileDatabase|x86.ActiveCfg = CompileDatabase|Any CPU
		{977361C4-400E-433A-9C04-75B9E0BEBDD9}.CompileDatabase|x86.Build.0 = CompileDatabase|Any CPU
		{977361C4-400E-433A-9C04-75B9E0BEBDD9}.Debug|Any CPU.ActiveCfg = Debug|Any CPU
		{977361C4-400E-433A-9C04-75B9E0BEBDD9}.Debug|Any CPU.Build.0 = Debug|Any CPU
		{977361C4-400E-433A-9C04-75B9E0BEBDD9}.Debug|x86.ActiveCfg = Debug|Any CPU
		{977361C4-400E-433A-9C04-75B9E0BEBDD9}.Debug|x86.Build.0 = Debug|Any CPU
		{977361C4-400E-433A-9C04-75B9E0BEBDD9}.Release|Any CPU.ActiveCfg = Release|Any CPU
		{977361C4-400E-433A-9C04-75B9E0BEBDD9}.Release|Any CPU.Build.0 = Release|Any CPU
		{977361C4-400E-433A-9C04-75B9E0BEBDD9}.Release|x86.ActiveCfg = Release|Any CPU
		{977361C4-400E-433A-9C04-75B9E0BEBDD9}.Release|x86.Build.0 = Release|Any CPU
		{92ECAF06-208D-4AFB-976F-9E445C195CFB}.CompileDatabase|Any CPU.ActiveCfg = Release|Any CPU
		{92ECAF06-208D-4AFB-976F-9E445C195CFB}.CompileDatabase|Any CPU.Build.0 = Release|Any CPU
		{92ECAF06-208D-4AFB-976F-9E445C195CFB}.CompileDatabase|x86.ActiveCfg = Release|Any CPU
		{92ECAF06-208D-4AFB-976F-9E445C195CFB}.CompileDatabase|x86.Build.0 = Release|Any CPU
		{92ECAF06-208D-4AFB-976F-9E445C195CFB}.Debug|Any CPU.ActiveCfg = Debug|Any CPU
		{92ECAF06-208D-4AFB-976F-9E445C195CFB}.Debug|Any CPU.Build.0 = Debug|Any CPU
		{92ECAF06-208D-4AFB-976F-9E445C195CFB}.Debug|x86.ActiveCfg = Debug|Any CPU
		{92ECAF06-208D-4AFB-976F-9E445C195CFB}.Debug|x86.Build.0 = Debug|Any CPU
		{92ECAF06-208D-4AFB-976F-9E445C195CFB}.Release|Any CPU.ActiveCfg = Release|Any CPU
		{92ECAF06-208D-4AFB-976F-9E445C195CFB}.Release|Any CPU.Build.0 = Release|Any CPU
		{92ECAF06-208D-4AFB-976F-9E445C195CFB}.Release|x86.ActiveCfg = Release|Any CPU
		{92ECAF06-208D-4AFB-976F-9E445C195CFB}.Release|x86.Build.0 = Release|Any CPU
	EndGlobalSection
	GlobalSection(SolutionProperties) = preSolution
		HideSolutionNode = FALSE
	EndGlobalSection
	GlobalSection(NestedProjects) = preSolution
		{7870B6B5-6868-4406-AAD8-94D147A56795} = {5FB1E387-84A2-47BC-8C07-497293307A3C}
		{92ECAF06-208D-4AFB-976F-9E445C195CFB} = {5FB1E387-84A2-47BC-8C07-497293307A3C}
	EndGlobalSection
	GlobalSection(ExtensibilityGlobals) = postSolution
		SolutionGuid = {ED22073D-6C04-4F62-80B2-5EE0EA19C68D}
	EndGlobalSection
EndGlobal
