
Microsoft Visual Studio Solution File, Format Version 12.00
# Visual Studio Version 16
VisualStudioVersion = 16.0.28922.388
MinimumVisualStudioVersion = 10.0.40219.1
Project("{9A19103F-16F7-4668-BE54-9A1E7A4F7556}") = "Rogue.Resources", "Rogue.Resources\Rogue.Resources.csproj", "{BE736DC9-C2B3-4C28-90BB-AF25F2188411}"
EndProject
Project("{9A19103F-16F7-4668-BE54-9A1E7A4F7556}") = "Rogue.App", "Rogue.App\Rogue.App.csproj", "{A949B805-D01F-47A2-8FBF-9E07C117E95E}"
EndProject
Project("{9A19103F-16F7-4668-BE54-9A1E7A4F7556}") = "Rogue.Drawing", "Rogue.Drawing\Rogue.Drawing.csproj", "{4BB75183-E1CA-4A60-B431-5899E0EABACB}"
EndProject
Project("{9A19103F-16F7-4668-BE54-9A1E7A4F7556}") = "Rogue.Map", "Rogue.Map\Rogue.Map.csproj", "{9B9E9C0D-92F7-42B1-AEEC-860F1AA89105}"
EndProject
Project("{9A19103F-16F7-4668-BE54-9A1E7A4F7556}") = "Rogue.Utils", "Rogue.Utils\Rogue.Utils.csproj", "{D0B886CC-F60B-4971-8CB7-5A21F9908242}"
EndProject
Project("{9A19103F-16F7-4668-BE54-9A1E7A4F7556}") = "Rogue.Types", "Rogue.Types\Rogue.Types.csproj", "{F57D3377-BA43-4C6F-8E95-9F68D661A72E}"
EndProject
Project("{9A19103F-16F7-4668-BE54-9A1E7A4F7556}") = "Rogue.Settings", "Rogue.Settings\Rogue.Settings.csproj", "{14EA5A0E-100B-4F86-8721-1D9A997F846A}"
EndProject
Project("{9A19103F-16F7-4668-BE54-9A1E7A4F7556}") = "Rogue.View", "Rogue.View\Rogue.View.csproj", "{B9C40078-42B9-4B85-823B-8048C67B76E0}"
EndProject
Project("{9A19103F-16F7-4668-BE54-9A1E7A4F7556}") = "Rogue.Entites", "Rogue.Entites\Rogue.Entites.csproj", "{CC2F84D3-6D43-4192-8C45-07DF5C2E277F}"
EndProject
Project("{9A19103F-16F7-4668-BE54-9A1E7A4F7556}") = "Rogue.Transactions", "Rogue.Transactions\Rogue.Transactions.csproj", "{C42239F6-ED1D-43AE-AAEF-3120FBB3627F}"
EndProject
Project("{2150E333-8FDC-42A3-9474-1A3956D46DE8}") = "Classes", "Classes", "{FE650740-6133-4AE8-9C7A-6BC8478E29BC}"
EndProject
Project("{9A19103F-16F7-4668-BE54-9A1E7A4F7556}") = "Rogue.Abilities", "Rogue.Abilities\Rogue.Abilities.csproj", "{2C4CF165-F9E1-4885-AD7B-476C343C2FAD}"
EndProject
Project("{9A19103F-16F7-4668-BE54-9A1E7A4F7556}") = "Rogue.Items", "Rogue.Items\Rogue.Items.csproj", "{6368784E-A506-4BDA-97C4-949C8A291605}"
EndProject
Project("{9A19103F-16F7-4668-BE54-9A1E7A4F7556}") = "Rogue.Elemental", "Rogue.Elemental\Rogue.Elemental.csproj", "{5E3F2479-F466-4BF8-8E54-A5EDF0608599}"
EndProject
Project("{9A19103F-16F7-4668-BE54-9A1E7A4F7556}") = "Rogue.Merchants", "Rogue.Merchants\Rogue.Merchants.csproj", "{A05112BD-E0FC-44AF-B9C0-BBF012C03A7C}"
EndProject
Project("{9A19103F-16F7-4668-BE54-9A1E7A4F7556}") = "Rogue.Questing", "Rogue.Questing\Rogue.Questing.csproj", "{B584D676-6450-426B-ABF7-A60D8DA8D2F7}"
EndProject
Project("{9A19103F-16F7-4668-BE54-9A1E7A4F7556}") = "Rogue.Reputation", "Rogue.Reputation\Rogue.Reputation.csproj", "{9CE2568E-26E5-4E1A-BF7E-EFF84A8B8722}"
EndProject
Project("{9A19103F-16F7-4668-BE54-9A1E7A4F7556}") = "Rogue.Logging", "Rogue.Logging\Rogue.Logging.csproj", "{EB21EC5D-0CE7-4BDB-B038-3BA165BA6486}"
EndProject
Project("{9A19103F-16F7-4668-BE54-9A1E7A4F7556}") = "Rogue.Scenes", "Rogue.Scenes\Rogue.Scenes.csproj", "{E7D446EE-C347-4903-8D39-EC030DE78D82}"
EndProject
Project("{9A19103F-16F7-4668-BE54-9A1E7A4F7556}") = "Rogue.Control", "Rogue.Control\Rogue.Control.csproj", "{FD2390AC-2D9E-4289-8214-0A75294C39D2}"
EndProject
Project("{9A19103F-16F7-4668-BE54-9A1E7A4F7556}") = "Rogue.Classes", "Rogue.Classes\Rogue.Classes.csproj", "{4BDEA975-0952-4AAC-962B-8C8C1349C865}"
EndProject
Project("{9A19103F-16F7-4668-BE54-9A1E7A4F7556}") = "Rogue.Races", "Rogue.Races\Rogue.Races.csproj", "{81C8C9D0-CCAE-45EE-A048-16424264FA74}"
EndProject
Project("{9A19103F-16F7-4668-BE54-9A1E7A4F7556}") = "Rogue.DataAccess", "Rogue.DataAccess\Rogue.DataAccess.csproj", "{D50A52AB-B65D-41F9-AA24-5EBA34E3659D}"
EndProject
Project("{9A19103F-16F7-4668-BE54-9A1E7A4F7556}") = "Rogue.Data", "Rogue.Data\Rogue.Data.csproj", "{8B445CF1-DA11-40D4-A6F1-1C00ED775631}"
EndProject
Project("{9A19103F-16F7-4668-BE54-9A1E7A4F7556}") = "Rogue.Physics", "Rogue.Physics\Rogue.Physics.csproj", "{691E1050-A2BD-449B-9C0A-249C0203DBE8}"
EndProject
Project("{9A19103F-16F7-4668-BE54-9A1E7A4F7556}") = "Rogue.Classes.Noone", "Rogue.Classes.Noone\Rogue.Classes.Noone.csproj", "{73F0D337-7CD2-4344-8320-5852C861D25E}"
EndProject
Project("{9A19103F-16F7-4668-BE54-9A1E7A4F7556}") = "Rogue.Map.Editor", "Rogue.Map.Editor\Rogue.Map.Editor.csproj", "{7309B4A1-7FDA-4E10-93E2-F1E04AA5853E}"
EndProject
Project("{9A19103F-16F7-4668-BE54-9A1E7A4F7556}") = "Rogue.Scenes.Manager", "Rogue.Scenes.Manager\Rogue.Scenes.Manager.csproj", "{5432E44A-A685-4BF4-BCDE-A40834503BDC}"
EndProject
Project("{9A19103F-16F7-4668-BE54-9A1E7A4F7556}") = "Rogue.Monogame", "Rogue.Monogame\Rogue.Monogame.csproj", "{D0C69787-09F0-4AF7-B90F-69D8898C5B10}"
EndProject
Project("{9A19103F-16F7-4668-BE54-9A1E7A4F7556}") = "Rogue.Global", "Rogue.Global\Rogue.Global.csproj", "{10B9E577-05DD-4725-B587-024087BB53FC}"
EndProject
Project("{9A19103F-16F7-4668-BE54-9A1E7A4F7556}") = "Rogue.Conversations", "Rogue.Conversations\Rogue.Conversations.csproj", "{F0D92DA9-4803-4137-A5B1-73279EDC0051}"
EndProject
Project("{9A19103F-16F7-4668-BE54-9A1E7A4F7556}") = "Rogue.Loot", "Rogue.Loot\Rogue.Loot.csproj", "{444BFC6D-856B-4960-A230-C5C03C7DD291}"
EndProject
Project("{2150E333-8FDC-42A3-9474-1A3956D46DE8}") = "External", "External", "{91D239FE-6D9C-4F85-B734-386D1ADB9CD9}"
EndProject
Project("{2150E333-8FDC-42A3-9474-1A3956D46DE8}") = "Penumbra", "Penumbra", "{78351D8F-FED7-4727-87E5-C39095501481}"
EndProject
Project("{9A19103F-16F7-4668-BE54-9A1E7A4F7556}") = "MonoGame.Penumbra.DesktopGL", "External\Penumbra\MonoGame.Penumbra.DesktopGL.csproj", "{3A9C3BEB-A4FE-4A49-9C86-5C32B41F832C}"
EndProject
Project("{2150E333-8FDC-42A3-9474-1A3956D46DE8}") = "ProjectMercury", "ProjectMercury", "{239B3182-170B-468F-9900-9C49A7D5A76B}"
EndProject
Project("{9A19103F-16F7-4668-BE54-9A1E7A4F7556}") = "ProjectMercury", "External\ProjectMercury\ProjectMercury.csproj", "{356DC605-4A8A-4B5B-9471-CC299D6324FA}"
EndProject
Project("{9A19103F-16F7-4668-BE54-9A1E7A4F7556}") = "Rogue.Inventory", "Rogue.Inventory\Rogue.Inventory.csproj", "{8D02159E-7E61-4074-9FAA-5796522BF957}"
EndProject
Project("{9A19103F-16F7-4668-BE54-9A1E7A4F7556}") = "Rogue.Equipment", "Rogue.Equipment\Rogue.Equipment.csproj", "{951FB515-3DC0-4F25-9120-80B197F43543}"
EndProject
Project("{9A19103F-16F7-4668-BE54-9A1E7A4F7556}") = "Rogue.Audio", "Rogue.Audio\Rogue.Audio.csproj", "{15F888DE-9F7F-427E-B662-93817A862BE3}"
EndProject
Project("{9A19103F-16F7-4668-BE54-9A1E7A4F7556}") = "Rogue.Classes.Bowman", "Classes\Rogue.Classes.Bowman\Rogue.Classes.Bowman.csproj", "{11FDA54A-2B18-4DA0-9B24-48C1002890FF}"
EndProject
Project("{9A19103F-16F7-4668-BE54-9A1E7A4F7556}") = "Rogue.Events", "Rogue.Events\Rogue.Events.csproj", "{D8B2D192-FCA3-4EB4-9FF8-EB5B5C91F94F}"
EndProject
Project("{2150E333-8FDC-42A3-9474-1A3956D46DE8}") = "Dev", "Dev", "{2C68286C-4668-49D5-8625-AD9404AD80CB}"
EndProject
Project("{9A19103F-16F7-4668-BE54-9A1E7A4F7556}") = "Rogue.AndroidProjectConverter", "Dev\Rogue.AndroidProjectConverter\Rogue.AndroidProjectConverter.csproj", "{9655FD81-D654-4F28-BFD6-B8654B709D45}"
EndProject
Project("{9A19103F-16F7-4668-BE54-9A1E7A4F7556}") = "Rogue.PropsGenerator", "Dev\Rogue.PropsGenerator\Rogue.PropsGenerator.csproj", "{911F3F6E-2E53-4A29-B994-9828D1D13A6C}"
EndProject
Project("{FAE04EC0-301F-11D3-BF4B-00C04F79EFBC}") = "Rogue.Classes.Servant", "Classes\Rogue.Classes.Servant\Rogue.Classes.Servant.csproj", "{EE83D691-6845-4AE9-97F2-CB0B728E2617}"
EndProject
Global
	GlobalSection(SolutionConfigurationPlatforms) = preSolution
		Debug|Any CPU = Debug|Any CPU
		Debug|x86 = Debug|x86
		Release|Any CPU = Release|Any CPU
		Release|x86 = Release|x86
	EndGlobalSection
	GlobalSection(ProjectConfigurationPlatforms) = postSolution
		{BE736DC9-C2B3-4C28-90BB-AF25F2188411}.Debug|Any CPU.ActiveCfg = Debug|Any CPU
		{BE736DC9-C2B3-4C28-90BB-AF25F2188411}.Debug|Any CPU.Build.0 = Debug|Any CPU
		{BE736DC9-C2B3-4C28-90BB-AF25F2188411}.Debug|x86.ActiveCfg = Debug|Any CPU
		{BE736DC9-C2B3-4C28-90BB-AF25F2188411}.Debug|x86.Build.0 = Debug|Any CPU
		{BE736DC9-C2B3-4C28-90BB-AF25F2188411}.Release|Any CPU.ActiveCfg = Release|Any CPU
		{BE736DC9-C2B3-4C28-90BB-AF25F2188411}.Release|Any CPU.Build.0 = Release|Any CPU
		{BE736DC9-C2B3-4C28-90BB-AF25F2188411}.Release|x86.ActiveCfg = Release|Any CPU
		{BE736DC9-C2B3-4C28-90BB-AF25F2188411}.Release|x86.Build.0 = Release|Any CPU
		{A949B805-D01F-47A2-8FBF-9E07C117E95E}.Debug|Any CPU.ActiveCfg = Debug|Any CPU
		{A949B805-D01F-47A2-8FBF-9E07C117E95E}.Debug|Any CPU.Build.0 = Debug|Any CPU
		{A949B805-D01F-47A2-8FBF-9E07C117E95E}.Debug|x86.ActiveCfg = Debug|Any CPU
		{A949B805-D01F-47A2-8FBF-9E07C117E95E}.Debug|x86.Build.0 = Debug|Any CPU
		{A949B805-D01F-47A2-8FBF-9E07C117E95E}.Release|Any CPU.ActiveCfg = Release|Any CPU
		{A949B805-D01F-47A2-8FBF-9E07C117E95E}.Release|Any CPU.Build.0 = Release|Any CPU
		{A949B805-D01F-47A2-8FBF-9E07C117E95E}.Release|x86.ActiveCfg = Release|Any CPU
		{A949B805-D01F-47A2-8FBF-9E07C117E95E}.Release|x86.Build.0 = Release|Any CPU
		{4BB75183-E1CA-4A60-B431-5899E0EABACB}.Debug|Any CPU.ActiveCfg = Debug|Any CPU
		{4BB75183-E1CA-4A60-B431-5899E0EABACB}.Debug|Any CPU.Build.0 = Debug|Any CPU
		{4BB75183-E1CA-4A60-B431-5899E0EABACB}.Debug|x86.ActiveCfg = Debug|Any CPU
		{4BB75183-E1CA-4A60-B431-5899E0EABACB}.Debug|x86.Build.0 = Debug|Any CPU
		{4BB75183-E1CA-4A60-B431-5899E0EABACB}.Release|Any CPU.ActiveCfg = Release|Any CPU
		{4BB75183-E1CA-4A60-B431-5899E0EABACB}.Release|Any CPU.Build.0 = Release|Any CPU
		{4BB75183-E1CA-4A60-B431-5899E0EABACB}.Release|x86.ActiveCfg = Release|Any CPU
		{4BB75183-E1CA-4A60-B431-5899E0EABACB}.Release|x86.Build.0 = Release|Any CPU
		{9B9E9C0D-92F7-42B1-AEEC-860F1AA89105}.Debug|Any CPU.ActiveCfg = Debug|Any CPU
		{9B9E9C0D-92F7-42B1-AEEC-860F1AA89105}.Debug|Any CPU.Build.0 = Debug|Any CPU
		{9B9E9C0D-92F7-42B1-AEEC-860F1AA89105}.Debug|x86.ActiveCfg = Debug|Any CPU
		{9B9E9C0D-92F7-42B1-AEEC-860F1AA89105}.Debug|x86.Build.0 = Debug|Any CPU
		{9B9E9C0D-92F7-42B1-AEEC-860F1AA89105}.Release|Any CPU.ActiveCfg = Release|Any CPU
		{9B9E9C0D-92F7-42B1-AEEC-860F1AA89105}.Release|Any CPU.Build.0 = Release|Any CPU
		{9B9E9C0D-92F7-42B1-AEEC-860F1AA89105}.Release|x86.ActiveCfg = Release|Any CPU
		{9B9E9C0D-92F7-42B1-AEEC-860F1AA89105}.Release|x86.Build.0 = Release|Any CPU
		{D0B886CC-F60B-4971-8CB7-5A21F9908242}.Debug|Any CPU.ActiveCfg = Debug|Any CPU
		{D0B886CC-F60B-4971-8CB7-5A21F9908242}.Debug|Any CPU.Build.0 = Debug|Any CPU
		{D0B886CC-F60B-4971-8CB7-5A21F9908242}.Debug|x86.ActiveCfg = Debug|Any CPU
		{D0B886CC-F60B-4971-8CB7-5A21F9908242}.Debug|x86.Build.0 = Debug|Any CPU
		{D0B886CC-F60B-4971-8CB7-5A21F9908242}.Release|Any CPU.ActiveCfg = Release|Any CPU
		{D0B886CC-F60B-4971-8CB7-5A21F9908242}.Release|Any CPU.Build.0 = Release|Any CPU
		{D0B886CC-F60B-4971-8CB7-5A21F9908242}.Release|x86.ActiveCfg = Release|Any CPU
		{D0B886CC-F60B-4971-8CB7-5A21F9908242}.Release|x86.Build.0 = Release|Any CPU
		{F57D3377-BA43-4C6F-8E95-9F68D661A72E}.Debug|Any CPU.ActiveCfg = Debug|Any CPU
		{F57D3377-BA43-4C6F-8E95-9F68D661A72E}.Debug|Any CPU.Build.0 = Debug|Any CPU
		{F57D3377-BA43-4C6F-8E95-9F68D661A72E}.Debug|x86.ActiveCfg = Debug|Any CPU
		{F57D3377-BA43-4C6F-8E95-9F68D661A72E}.Debug|x86.Build.0 = Debug|Any CPU
		{F57D3377-BA43-4C6F-8E95-9F68D661A72E}.Release|Any CPU.ActiveCfg = Release|Any CPU
		{F57D3377-BA43-4C6F-8E95-9F68D661A72E}.Release|Any CPU.Build.0 = Release|Any CPU
		{F57D3377-BA43-4C6F-8E95-9F68D661A72E}.Release|x86.ActiveCfg = Release|Any CPU
		{F57D3377-BA43-4C6F-8E95-9F68D661A72E}.Release|x86.Build.0 = Release|Any CPU
		{14EA5A0E-100B-4F86-8721-1D9A997F846A}.Debug|Any CPU.ActiveCfg = Debug|Any CPU
		{14EA5A0E-100B-4F86-8721-1D9A997F846A}.Debug|Any CPU.Build.0 = Debug|Any CPU
		{14EA5A0E-100B-4F86-8721-1D9A997F846A}.Debug|x86.ActiveCfg = Debug|Any CPU
		{14EA5A0E-100B-4F86-8721-1D9A997F846A}.Debug|x86.Build.0 = Debug|Any CPU
		{14EA5A0E-100B-4F86-8721-1D9A997F846A}.Release|Any CPU.ActiveCfg = Release|Any CPU
		{14EA5A0E-100B-4F86-8721-1D9A997F846A}.Release|Any CPU.Build.0 = Release|Any CPU
		{14EA5A0E-100B-4F86-8721-1D9A997F846A}.Release|x86.ActiveCfg = Release|Any CPU
		{14EA5A0E-100B-4F86-8721-1D9A997F846A}.Release|x86.Build.0 = Release|Any CPU
		{B9C40078-42B9-4B85-823B-8048C67B76E0}.Debug|Any CPU.ActiveCfg = Debug|Any CPU
		{B9C40078-42B9-4B85-823B-8048C67B76E0}.Debug|Any CPU.Build.0 = Debug|Any CPU
		{B9C40078-42B9-4B85-823B-8048C67B76E0}.Debug|x86.ActiveCfg = Debug|Any CPU
		{B9C40078-42B9-4B85-823B-8048C67B76E0}.Debug|x86.Build.0 = Debug|Any CPU
		{B9C40078-42B9-4B85-823B-8048C67B76E0}.Release|Any CPU.ActiveCfg = Release|Any CPU
		{B9C40078-42B9-4B85-823B-8048C67B76E0}.Release|Any CPU.Build.0 = Release|Any CPU
		{B9C40078-42B9-4B85-823B-8048C67B76E0}.Release|x86.ActiveCfg = Release|Any CPU
		{B9C40078-42B9-4B85-823B-8048C67B76E0}.Release|x86.Build.0 = Release|Any CPU
		{CC2F84D3-6D43-4192-8C45-07DF5C2E277F}.Debug|Any CPU.ActiveCfg = Debug|Any CPU
		{CC2F84D3-6D43-4192-8C45-07DF5C2E277F}.Debug|Any CPU.Build.0 = Debug|Any CPU
		{CC2F84D3-6D43-4192-8C45-07DF5C2E277F}.Debug|x86.ActiveCfg = Debug|Any CPU
		{CC2F84D3-6D43-4192-8C45-07DF5C2E277F}.Debug|x86.Build.0 = Debug|Any CPU
		{CC2F84D3-6D43-4192-8C45-07DF5C2E277F}.Release|Any CPU.ActiveCfg = Release|Any CPU
		{CC2F84D3-6D43-4192-8C45-07DF5C2E277F}.Release|Any CPU.Build.0 = Release|Any CPU
		{CC2F84D3-6D43-4192-8C45-07DF5C2E277F}.Release|x86.ActiveCfg = Release|Any CPU
		{CC2F84D3-6D43-4192-8C45-07DF5C2E277F}.Release|x86.Build.0 = Release|Any CPU
		{C42239F6-ED1D-43AE-AAEF-3120FBB3627F}.Debug|Any CPU.ActiveCfg = Debug|Any CPU
		{C42239F6-ED1D-43AE-AAEF-3120FBB3627F}.Debug|Any CPU.Build.0 = Debug|Any CPU
		{C42239F6-ED1D-43AE-AAEF-3120FBB3627F}.Debug|x86.ActiveCfg = Debug|Any CPU
		{C42239F6-ED1D-43AE-AAEF-3120FBB3627F}.Debug|x86.Build.0 = Debug|Any CPU
		{C42239F6-ED1D-43AE-AAEF-3120FBB3627F}.Release|Any CPU.ActiveCfg = Release|Any CPU
		{C42239F6-ED1D-43AE-AAEF-3120FBB3627F}.Release|Any CPU.Build.0 = Release|Any CPU
		{C42239F6-ED1D-43AE-AAEF-3120FBB3627F}.Release|x86.ActiveCfg = Release|Any CPU
		{C42239F6-ED1D-43AE-AAEF-3120FBB3627F}.Release|x86.Build.0 = Release|Any CPU
		{2C4CF165-F9E1-4885-AD7B-476C343C2FAD}.Debug|Any CPU.ActiveCfg = Debug|Any CPU
		{2C4CF165-F9E1-4885-AD7B-476C343C2FAD}.Debug|Any CPU.Build.0 = Debug|Any CPU
		{2C4CF165-F9E1-4885-AD7B-476C343C2FAD}.Debug|x86.ActiveCfg = Debug|Any CPU
		{2C4CF165-F9E1-4885-AD7B-476C343C2FAD}.Debug|x86.Build.0 = Debug|Any CPU
		{2C4CF165-F9E1-4885-AD7B-476C343C2FAD}.Release|Any CPU.ActiveCfg = Release|Any CPU
		{2C4CF165-F9E1-4885-AD7B-476C343C2FAD}.Release|Any CPU.Build.0 = Release|Any CPU
		{2C4CF165-F9E1-4885-AD7B-476C343C2FAD}.Release|x86.ActiveCfg = Release|Any CPU
		{2C4CF165-F9E1-4885-AD7B-476C343C2FAD}.Release|x86.Build.0 = Release|Any CPU
		{6368784E-A506-4BDA-97C4-949C8A291605}.Debug|Any CPU.ActiveCfg = Debug|Any CPU
		{6368784E-A506-4BDA-97C4-949C8A291605}.Debug|Any CPU.Build.0 = Debug|Any CPU
		{6368784E-A506-4BDA-97C4-949C8A291605}.Debug|x86.ActiveCfg = Debug|Any CPU
		{6368784E-A506-4BDA-97C4-949C8A291605}.Debug|x86.Build.0 = Debug|Any CPU
		{6368784E-A506-4BDA-97C4-949C8A291605}.Release|Any CPU.ActiveCfg = Release|Any CPU
		{6368784E-A506-4BDA-97C4-949C8A291605}.Release|Any CPU.Build.0 = Release|Any CPU
		{6368784E-A506-4BDA-97C4-949C8A291605}.Release|x86.ActiveCfg = Release|Any CPU
		{6368784E-A506-4BDA-97C4-949C8A291605}.Release|x86.Build.0 = Release|Any CPU
		{5E3F2479-F466-4BF8-8E54-A5EDF0608599}.Debug|Any CPU.ActiveCfg = Debug|Any CPU
		{5E3F2479-F466-4BF8-8E54-A5EDF0608599}.Debug|Any CPU.Build.0 = Debug|Any CPU
		{5E3F2479-F466-4BF8-8E54-A5EDF0608599}.Debug|x86.ActiveCfg = Debug|Any CPU
		{5E3F2479-F466-4BF8-8E54-A5EDF0608599}.Debug|x86.Build.0 = Debug|Any CPU
		{5E3F2479-F466-4BF8-8E54-A5EDF0608599}.Release|Any CPU.ActiveCfg = Release|Any CPU
		{5E3F2479-F466-4BF8-8E54-A5EDF0608599}.Release|Any CPU.Build.0 = Release|Any CPU
		{5E3F2479-F466-4BF8-8E54-A5EDF0608599}.Release|x86.ActiveCfg = Release|Any CPU
		{5E3F2479-F466-4BF8-8E54-A5EDF0608599}.Release|x86.Build.0 = Release|Any CPU
		{A05112BD-E0FC-44AF-B9C0-BBF012C03A7C}.Debug|Any CPU.ActiveCfg = Debug|Any CPU
		{A05112BD-E0FC-44AF-B9C0-BBF012C03A7C}.Debug|Any CPU.Build.0 = Debug|Any CPU
		{A05112BD-E0FC-44AF-B9C0-BBF012C03A7C}.Debug|x86.ActiveCfg = Debug|Any CPU
		{A05112BD-E0FC-44AF-B9C0-BBF012C03A7C}.Debug|x86.Build.0 = Debug|Any CPU
		{A05112BD-E0FC-44AF-B9C0-BBF012C03A7C}.Release|Any CPU.ActiveCfg = Release|Any CPU
		{A05112BD-E0FC-44AF-B9C0-BBF012C03A7C}.Release|Any CPU.Build.0 = Release|Any CPU
		{A05112BD-E0FC-44AF-B9C0-BBF012C03A7C}.Release|x86.ActiveCfg = Release|Any CPU
		{A05112BD-E0FC-44AF-B9C0-BBF012C03A7C}.Release|x86.Build.0 = Release|Any CPU
		{B584D676-6450-426B-ABF7-A60D8DA8D2F7}.Debug|Any CPU.ActiveCfg = Debug|Any CPU
		{B584D676-6450-426B-ABF7-A60D8DA8D2F7}.Debug|Any CPU.Build.0 = Debug|Any CPU
		{B584D676-6450-426B-ABF7-A60D8DA8D2F7}.Debug|x86.ActiveCfg = Debug|Any CPU
		{B584D676-6450-426B-ABF7-A60D8DA8D2F7}.Debug|x86.Build.0 = Debug|Any CPU
		{B584D676-6450-426B-ABF7-A60D8DA8D2F7}.Release|Any CPU.ActiveCfg = Release|Any CPU
		{B584D676-6450-426B-ABF7-A60D8DA8D2F7}.Release|Any CPU.Build.0 = Release|Any CPU
		{B584D676-6450-426B-ABF7-A60D8DA8D2F7}.Release|x86.ActiveCfg = Release|Any CPU
		{B584D676-6450-426B-ABF7-A60D8DA8D2F7}.Release|x86.Build.0 = Release|Any CPU
		{9CE2568E-26E5-4E1A-BF7E-EFF84A8B8722}.Debug|Any CPU.ActiveCfg = Debug|Any CPU
		{9CE2568E-26E5-4E1A-BF7E-EFF84A8B8722}.Debug|Any CPU.Build.0 = Debug|Any CPU
		{9CE2568E-26E5-4E1A-BF7E-EFF84A8B8722}.Debug|x86.ActiveCfg = Debug|Any CPU
		{9CE2568E-26E5-4E1A-BF7E-EFF84A8B8722}.Debug|x86.Build.0 = Debug|Any CPU
		{9CE2568E-26E5-4E1A-BF7E-EFF84A8B8722}.Release|Any CPU.ActiveCfg = Release|Any CPU
		{9CE2568E-26E5-4E1A-BF7E-EFF84A8B8722}.Release|Any CPU.Build.0 = Release|Any CPU
		{9CE2568E-26E5-4E1A-BF7E-EFF84A8B8722}.Release|x86.ActiveCfg = Release|Any CPU
		{9CE2568E-26E5-4E1A-BF7E-EFF84A8B8722}.Release|x86.Build.0 = Release|Any CPU
		{EB21EC5D-0CE7-4BDB-B038-3BA165BA6486}.Debug|Any CPU.ActiveCfg = Debug|Any CPU
		{EB21EC5D-0CE7-4BDB-B038-3BA165BA6486}.Debug|Any CPU.Build.0 = Debug|Any CPU
		{EB21EC5D-0CE7-4BDB-B038-3BA165BA6486}.Debug|x86.ActiveCfg = Debug|Any CPU
		{EB21EC5D-0CE7-4BDB-B038-3BA165BA6486}.Debug|x86.Build.0 = Debug|Any CPU
		{EB21EC5D-0CE7-4BDB-B038-3BA165BA6486}.Release|Any CPU.ActiveCfg = Release|Any CPU
		{EB21EC5D-0CE7-4BDB-B038-3BA165BA6486}.Release|Any CPU.Build.0 = Release|Any CPU
		{EB21EC5D-0CE7-4BDB-B038-3BA165BA6486}.Release|x86.ActiveCfg = Release|Any CPU
		{EB21EC5D-0CE7-4BDB-B038-3BA165BA6486}.Release|x86.Build.0 = Release|Any CPU
		{E7D446EE-C347-4903-8D39-EC030DE78D82}.Debug|Any CPU.ActiveCfg = Debug|Any CPU
		{E7D446EE-C347-4903-8D39-EC030DE78D82}.Debug|Any CPU.Build.0 = Debug|Any CPU
		{E7D446EE-C347-4903-8D39-EC030DE78D82}.Debug|x86.ActiveCfg = Debug|Any CPU
		{E7D446EE-C347-4903-8D39-EC030DE78D82}.Debug|x86.Build.0 = Debug|Any CPU
		{E7D446EE-C347-4903-8D39-EC030DE78D82}.Release|Any CPU.ActiveCfg = Release|Any CPU
		{E7D446EE-C347-4903-8D39-EC030DE78D82}.Release|Any CPU.Build.0 = Release|Any CPU
		{E7D446EE-C347-4903-8D39-EC030DE78D82}.Release|x86.ActiveCfg = Release|Any CPU
		{E7D446EE-C347-4903-8D39-EC030DE78D82}.Release|x86.Build.0 = Release|Any CPU
		{FD2390AC-2D9E-4289-8214-0A75294C39D2}.Debug|Any CPU.ActiveCfg = Debug|Any CPU
		{FD2390AC-2D9E-4289-8214-0A75294C39D2}.Debug|Any CPU.Build.0 = Debug|Any CPU
		{FD2390AC-2D9E-4289-8214-0A75294C39D2}.Debug|x86.ActiveCfg = Debug|Any CPU
		{FD2390AC-2D9E-4289-8214-0A75294C39D2}.Debug|x86.Build.0 = Debug|Any CPU
		{FD2390AC-2D9E-4289-8214-0A75294C39D2}.Release|Any CPU.ActiveCfg = Release|Any CPU
		{FD2390AC-2D9E-4289-8214-0A75294C39D2}.Release|Any CPU.Build.0 = Release|Any CPU
		{FD2390AC-2D9E-4289-8214-0A75294C39D2}.Release|x86.ActiveCfg = Release|Any CPU
		{FD2390AC-2D9E-4289-8214-0A75294C39D2}.Release|x86.Build.0 = Release|Any CPU
		{4BDEA975-0952-4AAC-962B-8C8C1349C865}.Debug|Any CPU.ActiveCfg = Debug|Any CPU
		{4BDEA975-0952-4AAC-962B-8C8C1349C865}.Debug|Any CPU.Build.0 = Debug|Any CPU
		{4BDEA975-0952-4AAC-962B-8C8C1349C865}.Debug|x86.ActiveCfg = Debug|Any CPU
		{4BDEA975-0952-4AAC-962B-8C8C1349C865}.Debug|x86.Build.0 = Debug|Any CPU
		{4BDEA975-0952-4AAC-962B-8C8C1349C865}.Release|Any CPU.ActiveCfg = Release|Any CPU
		{4BDEA975-0952-4AAC-962B-8C8C1349C865}.Release|Any CPU.Build.0 = Release|Any CPU
		{4BDEA975-0952-4AAC-962B-8C8C1349C865}.Release|x86.ActiveCfg = Release|Any CPU
		{4BDEA975-0952-4AAC-962B-8C8C1349C865}.Release|x86.Build.0 = Release|Any CPU
		{81C8C9D0-CCAE-45EE-A048-16424264FA74}.Debug|Any CPU.ActiveCfg = Debug|Any CPU
		{81C8C9D0-CCAE-45EE-A048-16424264FA74}.Debug|Any CPU.Build.0 = Debug|Any CPU
		{81C8C9D0-CCAE-45EE-A048-16424264FA74}.Debug|x86.ActiveCfg = Debug|Any CPU
		{81C8C9D0-CCAE-45EE-A048-16424264FA74}.Debug|x86.Build.0 = Debug|Any CPU
		{81C8C9D0-CCAE-45EE-A048-16424264FA74}.Release|Any CPU.ActiveCfg = Release|Any CPU
		{81C8C9D0-CCAE-45EE-A048-16424264FA74}.Release|Any CPU.Build.0 = Release|Any CPU
		{81C8C9D0-CCAE-45EE-A048-16424264FA74}.Release|x86.ActiveCfg = Release|Any CPU
		{81C8C9D0-CCAE-45EE-A048-16424264FA74}.Release|x86.Build.0 = Release|Any CPU
		{D50A52AB-B65D-41F9-AA24-5EBA34E3659D}.Debug|Any CPU.ActiveCfg = Debug|Any CPU
		{D50A52AB-B65D-41F9-AA24-5EBA34E3659D}.Debug|Any CPU.Build.0 = Debug|Any CPU
		{D50A52AB-B65D-41F9-AA24-5EBA34E3659D}.Debug|x86.ActiveCfg = Debug|Any CPU
		{D50A52AB-B65D-41F9-AA24-5EBA34E3659D}.Debug|x86.Build.0 = Debug|Any CPU
		{D50A52AB-B65D-41F9-AA24-5EBA34E3659D}.Release|Any CPU.ActiveCfg = Release|Any CPU
		{D50A52AB-B65D-41F9-AA24-5EBA34E3659D}.Release|Any CPU.Build.0 = Release|Any CPU
		{D50A52AB-B65D-41F9-AA24-5EBA34E3659D}.Release|x86.ActiveCfg = Release|Any CPU
		{D50A52AB-B65D-41F9-AA24-5EBA34E3659D}.Release|x86.Build.0 = Release|Any CPU
		{8B445CF1-DA11-40D4-A6F1-1C00ED775631}.Debug|Any CPU.ActiveCfg = Debug|Any CPU
		{8B445CF1-DA11-40D4-A6F1-1C00ED775631}.Debug|Any CPU.Build.0 = Debug|Any CPU
		{8B445CF1-DA11-40D4-A6F1-1C00ED775631}.Debug|x86.ActiveCfg = Debug|Any CPU
		{8B445CF1-DA11-40D4-A6F1-1C00ED775631}.Debug|x86.Build.0 = Debug|Any CPU
		{8B445CF1-DA11-40D4-A6F1-1C00ED775631}.Release|Any CPU.ActiveCfg = Release|Any CPU
		{8B445CF1-DA11-40D4-A6F1-1C00ED775631}.Release|Any CPU.Build.0 = Release|Any CPU
		{8B445CF1-DA11-40D4-A6F1-1C00ED775631}.Release|x86.ActiveCfg = Release|Any CPU
		{8B445CF1-DA11-40D4-A6F1-1C00ED775631}.Release|x86.Build.0 = Release|Any CPU
		{691E1050-A2BD-449B-9C0A-249C0203DBE8}.Debug|Any CPU.ActiveCfg = Debug|Any CPU
		{691E1050-A2BD-449B-9C0A-249C0203DBE8}.Debug|Any CPU.Build.0 = Debug|Any CPU
		{691E1050-A2BD-449B-9C0A-249C0203DBE8}.Debug|x86.ActiveCfg = Debug|Any CPU
		{691E1050-A2BD-449B-9C0A-249C0203DBE8}.Debug|x86.Build.0 = Debug|Any CPU
		{691E1050-A2BD-449B-9C0A-249C0203DBE8}.Release|Any CPU.ActiveCfg = Release|Any CPU
		{691E1050-A2BD-449B-9C0A-249C0203DBE8}.Release|Any CPU.Build.0 = Release|Any CPU
		{691E1050-A2BD-449B-9C0A-249C0203DBE8}.Release|x86.ActiveCfg = Release|Any CPU
		{691E1050-A2BD-449B-9C0A-249C0203DBE8}.Release|x86.Build.0 = Release|Any CPU
		{73F0D337-7CD2-4344-8320-5852C861D25E}.Debug|Any CPU.ActiveCfg = Debug|Any CPU
		{73F0D337-7CD2-4344-8320-5852C861D25E}.Debug|Any CPU.Build.0 = Debug|Any CPU
		{73F0D337-7CD2-4344-8320-5852C861D25E}.Debug|x86.ActiveCfg = Debug|Any CPU
		{73F0D337-7CD2-4344-8320-5852C861D25E}.Debug|x86.Build.0 = Debug|Any CPU
		{73F0D337-7CD2-4344-8320-5852C861D25E}.Release|Any CPU.ActiveCfg = Release|Any CPU
		{73F0D337-7CD2-4344-8320-5852C861D25E}.Release|Any CPU.Build.0 = Release|Any CPU
		{73F0D337-7CD2-4344-8320-5852C861D25E}.Release|x86.ActiveCfg = Release|Any CPU
		{73F0D337-7CD2-4344-8320-5852C861D25E}.Release|x86.Build.0 = Release|Any CPU
		{7309B4A1-7FDA-4E10-93E2-F1E04AA5853E}.Debug|Any CPU.ActiveCfg = Debug|Any CPU
		{7309B4A1-7FDA-4E10-93E2-F1E04AA5853E}.Debug|Any CPU.Build.0 = Debug|Any CPU
		{7309B4A1-7FDA-4E10-93E2-F1E04AA5853E}.Debug|x86.ActiveCfg = Debug|Any CPU
		{7309B4A1-7FDA-4E10-93E2-F1E04AA5853E}.Debug|x86.Build.0 = Debug|Any CPU
		{7309B4A1-7FDA-4E10-93E2-F1E04AA5853E}.Release|Any CPU.ActiveCfg = Release|Any CPU
		{7309B4A1-7FDA-4E10-93E2-F1E04AA5853E}.Release|Any CPU.Build.0 = Release|Any CPU
		{7309B4A1-7FDA-4E10-93E2-F1E04AA5853E}.Release|x86.ActiveCfg = Release|Any CPU
		{7309B4A1-7FDA-4E10-93E2-F1E04AA5853E}.Release|x86.Build.0 = Release|Any CPU
		{5432E44A-A685-4BF4-BCDE-A40834503BDC}.Debug|Any CPU.ActiveCfg = Debug|Any CPU
		{5432E44A-A685-4BF4-BCDE-A40834503BDC}.Debug|Any CPU.Build.0 = Debug|Any CPU
		{5432E44A-A685-4BF4-BCDE-A40834503BDC}.Debug|x86.ActiveCfg = Debug|Any CPU
		{5432E44A-A685-4BF4-BCDE-A40834503BDC}.Debug|x86.Build.0 = Debug|Any CPU
		{5432E44A-A685-4BF4-BCDE-A40834503BDC}.Release|Any CPU.ActiveCfg = Release|Any CPU
		{5432E44A-A685-4BF4-BCDE-A40834503BDC}.Release|Any CPU.Build.0 = Release|Any CPU
		{5432E44A-A685-4BF4-BCDE-A40834503BDC}.Release|x86.ActiveCfg = Release|Any CPU
		{5432E44A-A685-4BF4-BCDE-A40834503BDC}.Release|x86.Build.0 = Release|Any CPU
		{D0C69787-09F0-4AF7-B90F-69D8898C5B10}.Debug|Any CPU.ActiveCfg = Debug|Any CPU
		{D0C69787-09F0-4AF7-B90F-69D8898C5B10}.Debug|Any CPU.Build.0 = Debug|Any CPU
		{D0C69787-09F0-4AF7-B90F-69D8898C5B10}.Debug|x86.ActiveCfg = Debug|Any CPU
		{D0C69787-09F0-4AF7-B90F-69D8898C5B10}.Debug|x86.Build.0 = Debug|Any CPU
		{D0C69787-09F0-4AF7-B90F-69D8898C5B10}.Release|Any CPU.ActiveCfg = Release|Any CPU
		{D0C69787-09F0-4AF7-B90F-69D8898C5B10}.Release|Any CPU.Build.0 = Release|Any CPU
		{D0C69787-09F0-4AF7-B90F-69D8898C5B10}.Release|x86.ActiveCfg = Release|Any CPU
		{D0C69787-09F0-4AF7-B90F-69D8898C5B10}.Release|x86.Build.0 = Release|Any CPU
		{10B9E577-05DD-4725-B587-024087BB53FC}.Debug|Any CPU.ActiveCfg = Debug|Any CPU
		{10B9E577-05DD-4725-B587-024087BB53FC}.Debug|Any CPU.Build.0 = Debug|Any CPU
		{10B9E577-05DD-4725-B587-024087BB53FC}.Debug|x86.ActiveCfg = Debug|Any CPU
		{10B9E577-05DD-4725-B587-024087BB53FC}.Debug|x86.Build.0 = Debug|Any CPU
		{10B9E577-05DD-4725-B587-024087BB53FC}.Release|Any CPU.ActiveCfg = Release|Any CPU
		{10B9E577-05DD-4725-B587-024087BB53FC}.Release|Any CPU.Build.0 = Release|Any CPU
		{10B9E577-05DD-4725-B587-024087BB53FC}.Release|x86.ActiveCfg = Release|Any CPU
		{10B9E577-05DD-4725-B587-024087BB53FC}.Release|x86.Build.0 = Release|Any CPU
		{F0D92DA9-4803-4137-A5B1-73279EDC0051}.Debug|Any CPU.ActiveCfg = Debug|Any CPU
		{F0D92DA9-4803-4137-A5B1-73279EDC0051}.Debug|Any CPU.Build.0 = Debug|Any CPU
		{F0D92DA9-4803-4137-A5B1-73279EDC0051}.Debug|x86.ActiveCfg = Debug|Any CPU
		{F0D92DA9-4803-4137-A5B1-73279EDC0051}.Debug|x86.Build.0 = Debug|Any CPU
		{F0D92DA9-4803-4137-A5B1-73279EDC0051}.Release|Any CPU.ActiveCfg = Release|Any CPU
		{F0D92DA9-4803-4137-A5B1-73279EDC0051}.Release|Any CPU.Build.0 = Release|Any CPU
		{F0D92DA9-4803-4137-A5B1-73279EDC0051}.Release|x86.ActiveCfg = Release|Any CPU
		{F0D92DA9-4803-4137-A5B1-73279EDC0051}.Release|x86.Build.0 = Release|Any CPU
		{444BFC6D-856B-4960-A230-C5C03C7DD291}.Debug|Any CPU.ActiveCfg = Debug|Any CPU
		{444BFC6D-856B-4960-A230-C5C03C7DD291}.Debug|Any CPU.Build.0 = Debug|Any CPU
		{444BFC6D-856B-4960-A230-C5C03C7DD291}.Debug|x86.ActiveCfg = Debug|Any CPU
		{444BFC6D-856B-4960-A230-C5C03C7DD291}.Debug|x86.Build.0 = Debug|Any CPU
		{444BFC6D-856B-4960-A230-C5C03C7DD291}.Release|Any CPU.ActiveCfg = Release|Any CPU
		{444BFC6D-856B-4960-A230-C5C03C7DD291}.Release|Any CPU.Build.0 = Release|Any CPU
		{444BFC6D-856B-4960-A230-C5C03C7DD291}.Release|x86.ActiveCfg = Release|Any CPU
		{444BFC6D-856B-4960-A230-C5C03C7DD291}.Release|x86.Build.0 = Release|Any CPU
		{3A9C3BEB-A4FE-4A49-9C86-5C32B41F832C}.Debug|Any CPU.ActiveCfg = Debug|Any CPU
		{3A9C3BEB-A4FE-4A49-9C86-5C32B41F832C}.Debug|Any CPU.Build.0 = Debug|Any CPU
		{3A9C3BEB-A4FE-4A49-9C86-5C32B41F832C}.Debug|x86.ActiveCfg = Debug|Any CPU
		{3A9C3BEB-A4FE-4A49-9C86-5C32B41F832C}.Debug|x86.Build.0 = Debug|Any CPU
		{3A9C3BEB-A4FE-4A49-9C86-5C32B41F832C}.Release|Any CPU.ActiveCfg = Release|Any CPU
		{3A9C3BEB-A4FE-4A49-9C86-5C32B41F832C}.Release|Any CPU.Build.0 = Release|Any CPU
		{3A9C3BEB-A4FE-4A49-9C86-5C32B41F832C}.Release|x86.ActiveCfg = Release|Any CPU
		{3A9C3BEB-A4FE-4A49-9C86-5C32B41F832C}.Release|x86.Build.0 = Release|Any CPU
		{356DC605-4A8A-4B5B-9471-CC299D6324FA}.Debug|Any CPU.ActiveCfg = Debug|Any CPU
		{356DC605-4A8A-4B5B-9471-CC299D6324FA}.Debug|Any CPU.Build.0 = Debug|Any CPU
		{356DC605-4A8A-4B5B-9471-CC299D6324FA}.Debug|x86.ActiveCfg = Debug|Any CPU
		{356DC605-4A8A-4B5B-9471-CC299D6324FA}.Debug|x86.Build.0 = Debug|Any CPU
		{356DC605-4A8A-4B5B-9471-CC299D6324FA}.Release|Any CPU.ActiveCfg = Release|Any CPU
		{356DC605-4A8A-4B5B-9471-CC299D6324FA}.Release|Any CPU.Build.0 = Release|Any CPU
		{356DC605-4A8A-4B5B-9471-CC299D6324FA}.Release|x86.ActiveCfg = Release|Any CPU
		{356DC605-4A8A-4B5B-9471-CC299D6324FA}.Release|x86.Build.0 = Release|Any CPU
		{8D02159E-7E61-4074-9FAA-5796522BF957}.Debug|Any CPU.ActiveCfg = Debug|Any CPU
		{8D02159E-7E61-4074-9FAA-5796522BF957}.Debug|Any CPU.Build.0 = Debug|Any CPU
		{8D02159E-7E61-4074-9FAA-5796522BF957}.Debug|x86.ActiveCfg = Debug|Any CPU
		{8D02159E-7E61-4074-9FAA-5796522BF957}.Debug|x86.Build.0 = Debug|Any CPU
		{8D02159E-7E61-4074-9FAA-5796522BF957}.Release|Any CPU.ActiveCfg = Release|Any CPU
		{8D02159E-7E61-4074-9FAA-5796522BF957}.Release|Any CPU.Build.0 = Release|Any CPU
		{8D02159E-7E61-4074-9FAA-5796522BF957}.Release|x86.ActiveCfg = Release|Any CPU
		{8D02159E-7E61-4074-9FAA-5796522BF957}.Release|x86.Build.0 = Release|Any CPU
		{951FB515-3DC0-4F25-9120-80B197F43543}.Debug|Any CPU.ActiveCfg = Debug|Any CPU
		{951FB515-3DC0-4F25-9120-80B197F43543}.Debug|Any CPU.Build.0 = Debug|Any CPU
		{951FB515-3DC0-4F25-9120-80B197F43543}.Debug|x86.ActiveCfg = Debug|Any CPU
		{951FB515-3DC0-4F25-9120-80B197F43543}.Debug|x86.Build.0 = Debug|Any CPU
		{951FB515-3DC0-4F25-9120-80B197F43543}.Release|Any CPU.ActiveCfg = Release|Any CPU
		{951FB515-3DC0-4F25-9120-80B197F43543}.Release|Any CPU.Build.0 = Release|Any CPU
		{951FB515-3DC0-4F25-9120-80B197F43543}.Release|x86.ActiveCfg = Release|Any CPU
		{951FB515-3DC0-4F25-9120-80B197F43543}.Release|x86.Build.0 = Release|Any CPU
		{15F888DE-9F7F-427E-B662-93817A862BE3}.Debug|Any CPU.ActiveCfg = Debug|Any CPU
		{15F888DE-9F7F-427E-B662-93817A862BE3}.Debug|Any CPU.Build.0 = Debug|Any CPU
		{15F888DE-9F7F-427E-B662-93817A862BE3}.Debug|x86.ActiveCfg = Debug|Any CPU
		{15F888DE-9F7F-427E-B662-93817A862BE3}.Debug|x86.Build.0 = Debug|Any CPU
		{15F888DE-9F7F-427E-B662-93817A862BE3}.Release|Any CPU.ActiveCfg = Release|Any CPU
		{15F888DE-9F7F-427E-B662-93817A862BE3}.Release|Any CPU.Build.0 = Release|Any CPU
		{15F888DE-9F7F-427E-B662-93817A862BE3}.Release|x86.ActiveCfg = Release|Any CPU
		{15F888DE-9F7F-427E-B662-93817A862BE3}.Release|x86.Build.0 = Release|Any CPU
		{11FDA54A-2B18-4DA0-9B24-48C1002890FF}.Debug|Any CPU.ActiveCfg = Debug|Any CPU
		{11FDA54A-2B18-4DA0-9B24-48C1002890FF}.Debug|Any CPU.Build.0 = Debug|Any CPU
		{11FDA54A-2B18-4DA0-9B24-48C1002890FF}.Debug|x86.ActiveCfg = Debug|Any CPU
		{11FDA54A-2B18-4DA0-9B24-48C1002890FF}.Debug|x86.Build.0 = Debug|Any CPU
		{11FDA54A-2B18-4DA0-9B24-48C1002890FF}.Release|Any CPU.ActiveCfg = Release|Any CPU
		{11FDA54A-2B18-4DA0-9B24-48C1002890FF}.Release|Any CPU.Build.0 = Release|Any CPU
		{11FDA54A-2B18-4DA0-9B24-48C1002890FF}.Release|x86.ActiveCfg = Release|Any CPU
		{11FDA54A-2B18-4DA0-9B24-48C1002890FF}.Release|x86.Build.0 = Release|Any CPU
		{D8B2D192-FCA3-4EB4-9FF8-EB5B5C91F94F}.Debug|Any CPU.ActiveCfg = Debug|Any CPU
		{D8B2D192-FCA3-4EB4-9FF8-EB5B5C91F94F}.Debug|Any CPU.Build.0 = Debug|Any CPU
		{D8B2D192-FCA3-4EB4-9FF8-EB5B5C91F94F}.Debug|x86.ActiveCfg = Debug|Any CPU
		{D8B2D192-FCA3-4EB4-9FF8-EB5B5C91F94F}.Debug|x86.Build.0 = Debug|Any CPU
		{D8B2D192-FCA3-4EB4-9FF8-EB5B5C91F94F}.Release|Any CPU.ActiveCfg = Release|Any CPU
		{D8B2D192-FCA3-4EB4-9FF8-EB5B5C91F94F}.Release|Any CPU.Build.0 = Release|Any CPU
		{D8B2D192-FCA3-4EB4-9FF8-EB5B5C91F94F}.Release|x86.ActiveCfg = Release|Any CPU
		{D8B2D192-FCA3-4EB4-9FF8-EB5B5C91F94F}.Release|x86.Build.0 = Release|Any CPU
		{9655FD81-D654-4F28-BFD6-B8654B709D45}.Debug|Any CPU.ActiveCfg = Debug|Any CPU
		{9655FD81-D654-4F28-BFD6-B8654B709D45}.Debug|Any CPU.Build.0 = Debug|Any CPU
		{9655FD81-D654-4F28-BFD6-B8654B709D45}.Debug|x86.ActiveCfg = Debug|Any CPU
		{9655FD81-D654-4F28-BFD6-B8654B709D45}.Debug|x86.Build.0 = Debug|Any CPU
		{9655FD81-D654-4F28-BFD6-B8654B709D45}.Release|Any CPU.ActiveCfg = Release|Any CPU
		{9655FD81-D654-4F28-BFD6-B8654B709D45}.Release|Any CPU.Build.0 = Release|Any CPU
		{9655FD81-D654-4F28-BFD6-B8654B709D45}.Release|x86.ActiveCfg = Release|Any CPU
		{9655FD81-D654-4F28-BFD6-B8654B709D45}.Release|x86.Build.0 = Release|Any CPU
		{911F3F6E-2E53-4A29-B994-9828D1D13A6C}.Debug|Any CPU.ActiveCfg = Debug|Any CPU
		{911F3F6E-2E53-4A29-B994-9828D1D13A6C}.Debug|Any CPU.Build.0 = Debug|Any CPU
		{911F3F6E-2E53-4A29-B994-9828D1D13A6C}.Debug|x86.ActiveCfg = Debug|Any CPU
		{911F3F6E-2E53-4A29-B994-9828D1D13A6C}.Debug|x86.Build.0 = Debug|Any CPU
		{911F3F6E-2E53-4A29-B994-9828D1D13A6C}.Release|Any CPU.ActiveCfg = Release|Any CPU
		{911F3F6E-2E53-4A29-B994-9828D1D13A6C}.Release|Any CPU.Build.0 = Release|Any CPU
		{911F3F6E-2E53-4A29-B994-9828D1D13A6C}.Release|x86.ActiveCfg = Release|Any CPU
		{911F3F6E-2E53-4A29-B994-9828D1D13A6C}.Release|x86.Build.0 = Release|Any CPU
		{EE83D691-6845-4AE9-97F2-CB0B728E2617}.Debug|Any CPU.ActiveCfg = Debug|Any CPU
		{EE83D691-6845-4AE9-97F2-CB0B728E2617}.Debug|Any CPU.Build.0 = Debug|Any CPU
		{EE83D691-6845-4AE9-97F2-CB0B728E2617}.Debug|x86.ActiveCfg = Debug|Any CPU
		{EE83D691-6845-4AE9-97F2-CB0B728E2617}.Debug|x86.Build.0 = Debug|Any CPU
		{EE83D691-6845-4AE9-97F2-CB0B728E2617}.Release|Any CPU.ActiveCfg = Release|Any CPU
		{EE83D691-6845-4AE9-97F2-CB0B728E2617}.Release|Any CPU.Build.0 = Release|Any CPU
		{EE83D691-6845-4AE9-97F2-CB0B728E2617}.Release|x86.ActiveCfg = Release|Any CPU
		{EE83D691-6845-4AE9-97F2-CB0B728E2617}.Release|x86.Build.0 = Release|Any CPU
	EndGlobalSection
	GlobalSection(SolutionProperties) = preSolution
		HideSolutionNode = FALSE
	EndGlobalSection
	GlobalSection(NestedProjects) = preSolution
		{78351D8F-FED7-4727-87E5-C39095501481} = {91D239FE-6D9C-4F85-B734-386D1ADB9CD9}
		{3A9C3BEB-A4FE-4A49-9C86-5C32B41F832C} = {78351D8F-FED7-4727-87E5-C39095501481}
		{239B3182-170B-468F-9900-9C49A7D5A76B} = {91D239FE-6D9C-4F85-B734-386D1ADB9CD9}
		{356DC605-4A8A-4B5B-9471-CC299D6324FA} = {239B3182-170B-468F-9900-9C49A7D5A76B}
		{11FDA54A-2B18-4DA0-9B24-48C1002890FF} = {FE650740-6133-4AE8-9C7A-6BC8478E29BC}
		{9655FD81-D654-4F28-BFD6-B8654B709D45} = {2C68286C-4668-49D5-8625-AD9404AD80CB}
		{911F3F6E-2E53-4A29-B994-9828D1D13A6C} = {2C68286C-4668-49D5-8625-AD9404AD80CB}
		{EE83D691-6845-4AE9-97F2-CB0B728E2617} = {FE650740-6133-4AE8-9C7A-6BC8478E29BC}
	EndGlobalSection
	GlobalSection(ExtensibilityGlobals) = postSolution
		SolutionGuid = {ED22073D-6C04-4F62-80B2-5EE0EA19C68D}
	EndGlobalSection
EndGlobal
