
Microsoft Visual Studio Solution File, Format Version 12.00
# Visual Studio 15
VisualStudioVersion = 15.0.26403.7
MinimumVisualStudioVersion = 10.0.40219.1
Project("{9A19103F-16F7-4668-BE54-9A1E7A4F7556}") = "Rogue.Resources", "Rogue.Resources\Rogue.Resources.csproj", "{BE736DC9-C2B3-4C28-90BB-AF25F2188411}"
EndProject
Project("{9A19103F-16F7-4668-BE54-9A1E7A4F7556}") = "Rogue.App", "Rogue.App\Rogue.App.csproj", "{A949B805-D01F-47A2-8FBF-9E07C117E95E}"
EndProject
Project("{FAE04EC0-301F-11D3-BF4B-00C04F79EFBC}") = "Rouge", "Old\Rouge.csproj", "{185FA319-453D-42AA-86C0-99A4790E9C7A}"
EndProject
Project("{9A19103F-16F7-4668-BE54-9A1E7A4F7556}") = "Rogue.Drawing", "Rogue.Drawing\Rogue.Drawing.csproj", "{4BB75183-E1CA-4A60-B431-5899E0EABACB}"
EndProject
Project("{9A19103F-16F7-4668-BE54-9A1E7A4F7556}") = "Rogue.Map", "Rogue.Map\Rogue.Map.csproj", "{9B9E9C0D-92F7-42B1-AEEC-860F1AA89105}"
EndProject
Project("{9A19103F-16F7-4668-BE54-9A1E7A4F7556}") = "Rogue.Utils", "Rogue.Utils\Rogue.Utils.csproj", "{D0B886CC-F60B-4971-8CB7-5A21F9908242}"
EndProject
Project("{9A19103F-16F7-4668-BE54-9A1E7A4F7556}") = "Rogue.Types", "Rogue.Types\Rogue.Types.csproj", "{F57D3377-BA43-4C6F-8E95-9F68D661A72E}"
EndProject
Project("{9A19103F-16F7-4668-BE54-9A1E7A4F7556}") = "Rogue.Settings", "Rogue.Settings\Rogue.Settings.csproj", "{14EA5A0E-100B-4F86-8721-1D9A997F846A}"
EndProject
Project("{9A19103F-16F7-4668-BE54-9A1E7A4F7556}") = "Rogue.View", "Rogue.View\Rogue.View.csproj", "{B9C40078-42B9-4B85-823B-8048C67B76E0}"
EndProject
Project("{9A19103F-16F7-4668-BE54-9A1E7A4F7556}") = "Rogue.Entites", "Rogue.Entites\Rogue.Entites.csproj", "{CC2F84D3-6D43-4192-8C45-07DF5C2E277F}"
EndProject
Project("{9A19103F-16F7-4668-BE54-9A1E7A4F7556}") = "Rogue.Transactions", "Rogue.Transactions\Rogue.Transactions.csproj", "{C42239F6-ED1D-43AE-AAEF-3120FBB3627F}"
EndProject
Project("{9A19103F-16F7-4668-BE54-9A1E7A4F7556}") = "Rogue.Classes.BloodMage", "Classes\Rogue.Classes.BloodMage\Rogue.Classes.BloodMage.csproj", "{48B69B08-7AD8-4C6E-AD73-3613BEB0EAE8}"
EndProject
Project("{2150E333-8FDC-42A3-9474-1A3956D46DE8}") = "Classes", "Classes", "{FE650740-6133-4AE8-9C7A-6BC8478E29BC}"
EndProject
Project("{9A19103F-16F7-4668-BE54-9A1E7A4F7556}") = "Rogue.Abilities", "Rogue.Abilities\Rogue.Abilities.csproj", "{2C4CF165-F9E1-4885-AD7B-476C343C2FAD}"
EndProject
Project("{9A19103F-16F7-4668-BE54-9A1E7A4F7556}") = "Rogue.Classes.Inquisitor", "Classes\Rogue.Classes.Inquisitor\Rogue.Classes.Inquisitor.csproj", "{D660C4FB-6006-443C-838F-9B74B997ED1D}"
EndProject
Project("{9A19103F-16F7-4668-BE54-9A1E7A4F7556}") = "Rogue.Classes.Paladin", "Classes\Rogue.Classes.Paladin\Rogue.Classes.Paladin.csproj", "{62D5906A-A73A-4B4A-BB4F-C95C0A8C95D6}"
EndProject
Project("{9A19103F-16F7-4668-BE54-9A1E7A4F7556}") = "Rogue.Classes.Assassin", "Classes\Rogue.Classes.Assassin\Rogue.Classes.Assassin.csproj", "{8C2D4468-E99A-42D3-ACCF-DC5F905235AC}"
EndProject
Project("{9A19103F-16F7-4668-BE54-9A1E7A4F7556}") = "Rogue.Classes.Shaman", "Classes\Rogue.Classes.Shaman\Rogue.Classes.Shaman.csproj", "{8005E2B8-3068-4B9E-83DC-6504C6196105}"
EndProject
Project("{9A19103F-16F7-4668-BE54-9A1E7A4F7556}") = "Rogue.Items", "Rogue.Items\Rogue.Items.csproj", "{6368784E-A506-4BDA-97C4-949C8A291605}"
EndProject
Project("{9A19103F-16F7-4668-BE54-9A1E7A4F7556}") = "Rogue.Elemental", "Rogue.Elemental\Rogue.Elemental.csproj", "{5E3F2479-F466-4BF8-8E54-A5EDF0608599}"
EndProject
Project("{9A19103F-16F7-4668-BE54-9A1E7A4F7556}") = "Rogue.Merchants", "Rogue.Merchants\Rogue.Merchants.csproj", "{A05112BD-E0FC-44AF-B9C0-BBF012C03A7C}"
EndProject
Project("{9A19103F-16F7-4668-BE54-9A1E7A4F7556}") = "Rogue.Questing", "Rogue.Questing\Rogue.Questing.csproj", "{B584D676-6450-426B-ABF7-A60D8DA8D2F7}"
EndProject
Project("{2150E333-8FDC-42A3-9474-1A3956D46DE8}") = "Maps", "Maps", "{28FC91F7-E43B-45C0-AF7B-5003BCF0626F}"
EndProject
Project("{9A19103F-16F7-4668-BE54-9A1E7A4F7556}") = "Rogue.Map.Capital", "Maps\Rogue.Map.Capital\Rogue.Map.Capital.csproj", "{5A73F4F4-B5B8-4942-8896-23DB3103C91C}"
EndProject
Project("{9A19103F-16F7-4668-BE54-9A1E7A4F7556}") = "Rogue.Reputation", "Rogue.Reputation\Rogue.Reputation.csproj", "{9CE2568E-26E5-4E1A-BF7E-EFF84A8B8722}"
EndProject
Project("{9A19103F-16F7-4668-BE54-9A1E7A4F7556}") = "Rogue.Classes.FireMage", "Classes\Rogue.Classes.FireMage\Rogue.Classes.FireMage.csproj", "{4B86F103-1407-4B1D-AA2E-CB92B12B081B}"
EndProject
Project("{9A19103F-16F7-4668-BE54-9A1E7A4F7556}") = "Rogue.Logging", "Rogue.Logging\Rogue.Logging.csproj", "{EB21EC5D-0CE7-4BDB-B038-3BA165BA6486}"
EndProject
Project("{9A19103F-16F7-4668-BE54-9A1E7A4F7556}") = "Rogue.Scenes", "Rogue.Scenes\Rogue.Scenes.csproj", "{E7D446EE-C347-4903-8D39-EC030DE78D82}"
EndProject
Project("{FAE04EC0-301F-11D3-BF4B-00C04F79EFBC}") = "Rogue.Control", "Rogue.Control\Rogue.Control.csproj", "{FD2390AC-2D9E-4289-8214-0A75294C39D2}"
EndProject
Project("{FAE04EC0-301F-11D3-BF4B-00C04F79EFBC}") = "Rogue.Classes", "Rogue.Classes\Rogue.Classes.csproj", "{4BDEA975-0952-4AAC-962B-8C8C1349C865}"
EndProject
Project("{FAE04EC0-301F-11D3-BF4B-00C04F79EFBC}") = "Rogue.Races", "Rogue.Races\Rogue.Races.csproj", "{81C8C9D0-CCAE-45EE-A048-16424264FA74}"
EndProject
Project("{FAE04EC0-301F-11D3-BF4B-00C04F79EFBC}") = "Rogue.Perks", "Rogue.Perks\Rogue.Perks.csproj", "{F1A9D3F6-EB95-4F91-9E29-CFC7E8FF1EB9}"
EndProject
Project("{FAE04EC0-301F-11D3-BF4B-00C04F79EFBC}") = "Rogue.DataAccess", "Rogue.DataAccess\Rogue.DataAccess.csproj", "{D50A52AB-B65D-41F9-AA24-5EBA34E3659D}"
EndProject
Project("{FAE04EC0-301F-11D3-BF4B-00C04F79EFBC}") = "Rogue.Data", "Rogue.Data\Rogue.Data.csproj", "{8B445CF1-DA11-40D4-A6F1-1C00ED775631}"
EndProject
Global
	GlobalSection(SolutionConfigurationPlatforms) = preSolution
		Debug|Any CPU = Debug|Any CPU
		Debug|x86 = Debug|x86
		Release|Any CPU = Release|Any CPU
		Release|x86 = Release|x86
	EndGlobalSection
	GlobalSection(ProjectConfigurationPlatforms) = postSolution
		{BE736DC9-C2B3-4C28-90BB-AF25F2188411}.Debug|Any CPU.ActiveCfg = Debug|Any CPU
		{BE736DC9-C2B3-4C28-90BB-AF25F2188411}.Debug|Any CPU.Build.0 = Debug|Any CPU
		{BE736DC9-C2B3-4C28-90BB-AF25F2188411}.Debug|x86.ActiveCfg = Debug|Any CPU
		{BE736DC9-C2B3-4C28-90BB-AF25F2188411}.Debug|x86.Build.0 = Debug|Any CPU
		{BE736DC9-C2B3-4C28-90BB-AF25F2188411}.Release|Any CPU.ActiveCfg = Release|Any CPU
		{BE736DC9-C2B3-4C28-90BB-AF25F2188411}.Release|Any CPU.Build.0 = Release|Any CPU
		{BE736DC9-C2B3-4C28-90BB-AF25F2188411}.Release|x86.ActiveCfg = Release|Any CPU
		{BE736DC9-C2B3-4C28-90BB-AF25F2188411}.Release|x86.Build.0 = Release|Any CPU
		{A949B805-D01F-47A2-8FBF-9E07C117E95E}.Debug|Any CPU.ActiveCfg = Debug|Any CPU
		{A949B805-D01F-47A2-8FBF-9E07C117E95E}.Debug|Any CPU.Build.0 = Debug|Any CPU
		{A949B805-D01F-47A2-8FBF-9E07C117E95E}.Debug|x86.ActiveCfg = Debug|Any CPU
		{A949B805-D01F-47A2-8FBF-9E07C117E95E}.Debug|x86.Build.0 = Debug|Any CPU
		{A949B805-D01F-47A2-8FBF-9E07C117E95E}.Release|Any CPU.ActiveCfg = Release|Any CPU
		{A949B805-D01F-47A2-8FBF-9E07C117E95E}.Release|Any CPU.Build.0 = Release|Any CPU
		{A949B805-D01F-47A2-8FBF-9E07C117E95E}.Release|x86.ActiveCfg = Release|Any CPU
		{A949B805-D01F-47A2-8FBF-9E07C117E95E}.Release|x86.Build.0 = Release|Any CPU
		{185FA319-453D-42AA-86C0-99A4790E9C7A}.Debug|Any CPU.ActiveCfg = Debug|x86
		{185FA319-453D-42AA-86C0-99A4790E9C7A}.Debug|x86.ActiveCfg = Debug|x86
		{185FA319-453D-42AA-86C0-99A4790E9C7A}.Debug|x86.Build.0 = Debug|x86
		{185FA319-453D-42AA-86C0-99A4790E9C7A}.Release|Any CPU.ActiveCfg = Release|x86
		{185FA319-453D-42AA-86C0-99A4790E9C7A}.Release|x86.ActiveCfg = Release|x86
		{185FA319-453D-42AA-86C0-99A4790E9C7A}.Release|x86.Build.0 = Release|x86
		{4BB75183-E1CA-4A60-B431-5899E0EABACB}.Debug|Any CPU.ActiveCfg = Debug|Any CPU
		{4BB75183-E1CA-4A60-B431-5899E0EABACB}.Debug|Any CPU.Build.0 = Debug|Any CPU
		{4BB75183-E1CA-4A60-B431-5899E0EABACB}.Debug|x86.ActiveCfg = Debug|Any CPU
		{4BB75183-E1CA-4A60-B431-5899E0EABACB}.Debug|x86.Build.0 = Debug|Any CPU
		{4BB75183-E1CA-4A60-B431-5899E0EABACB}.Release|Any CPU.ActiveCfg = Release|Any CPU
		{4BB75183-E1CA-4A60-B431-5899E0EABACB}.Release|Any CPU.Build.0 = Release|Any CPU
		{4BB75183-E1CA-4A60-B431-5899E0EABACB}.Release|x86.ActiveCfg = Release|Any CPU
		{4BB75183-E1CA-4A60-B431-5899E0EABACB}.Release|x86.Build.0 = Release|Any CPU
		{9B9E9C0D-92F7-42B1-AEEC-860F1AA89105}.Debug|Any CPU.ActiveCfg = Debug|Any CPU
		{9B9E9C0D-92F7-42B1-AEEC-860F1AA89105}.Debug|Any CPU.Build.0 = Debug|Any CPU
		{9B9E9C0D-92F7-42B1-AEEC-860F1AA89105}.Debug|x86.ActiveCfg = Debug|Any CPU
		{9B9E9C0D-92F7-42B1-AEEC-860F1AA89105}.Debug|x86.Build.0 = Debug|Any CPU
		{9B9E9C0D-92F7-42B1-AEEC-860F1AA89105}.Release|Any CPU.ActiveCfg = Release|Any CPU
		{9B9E9C0D-92F7-42B1-AEEC-860F1AA89105}.Release|Any CPU.Build.0 = Release|Any CPU
		{9B9E9C0D-92F7-42B1-AEEC-860F1AA89105}.Release|x86.ActiveCfg = Release|Any CPU
		{9B9E9C0D-92F7-42B1-AEEC-860F1AA89105}.Release|x86.Build.0 = Release|Any CPU
		{D0B886CC-F60B-4971-8CB7-5A21F9908242}.Debug|Any CPU.ActiveCfg = Debug|Any CPU
		{D0B886CC-F60B-4971-8CB7-5A21F9908242}.Debug|Any CPU.Build.0 = Debug|Any CPU
		{D0B886CC-F60B-4971-8CB7-5A21F9908242}.Debug|x86.ActiveCfg = Debug|Any CPU
		{D0B886CC-F60B-4971-8CB7-5A21F9908242}.Debug|x86.Build.0 = Debug|Any CPU
		{D0B886CC-F60B-4971-8CB7-5A21F9908242}.Release|Any CPU.ActiveCfg = Release|Any CPU
		{D0B886CC-F60B-4971-8CB7-5A21F9908242}.Release|Any CPU.Build.0 = Release|Any CPU
		{D0B886CC-F60B-4971-8CB7-5A21F9908242}.Release|x86.ActiveCfg = Release|Any CPU
		{D0B886CC-F60B-4971-8CB7-5A21F9908242}.Release|x86.Build.0 = Release|Any CPU
		{F57D3377-BA43-4C6F-8E95-9F68D661A72E}.Debug|Any CPU.ActiveCfg = Debug|Any CPU
		{F57D3377-BA43-4C6F-8E95-9F68D661A72E}.Debug|Any CPU.Build.0 = Debug|Any CPU
		{F57D3377-BA43-4C6F-8E95-9F68D661A72E}.Debug|x86.ActiveCfg = Debug|Any CPU
		{F57D3377-BA43-4C6F-8E95-9F68D661A72E}.Debug|x86.Build.0 = Debug|Any CPU
		{F57D3377-BA43-4C6F-8E95-9F68D661A72E}.Release|Any CPU.ActiveCfg = Release|Any CPU
		{F57D3377-BA43-4C6F-8E95-9F68D661A72E}.Release|Any CPU.Build.0 = Release|Any CPU
		{F57D3377-BA43-4C6F-8E95-9F68D661A72E}.Release|x86.ActiveCfg = Release|Any CPU
		{F57D3377-BA43-4C6F-8E95-9F68D661A72E}.Release|x86.Build.0 = Release|Any CPU
		{14EA5A0E-100B-4F86-8721-1D9A997F846A}.Debug|Any CPU.ActiveCfg = Debug|Any CPU
		{14EA5A0E-100B-4F86-8721-1D9A997F846A}.Debug|Any CPU.Build.0 = Debug|Any CPU
		{14EA5A0E-100B-4F86-8721-1D9A997F846A}.Debug|x86.ActiveCfg = Debug|Any CPU
		{14EA5A0E-100B-4F86-8721-1D9A997F846A}.Debug|x86.Build.0 = Debug|Any CPU
		{14EA5A0E-100B-4F86-8721-1D9A997F846A}.Release|Any CPU.ActiveCfg = Release|Any CPU
		{14EA5A0E-100B-4F86-8721-1D9A997F846A}.Release|Any CPU.Build.0 = Release|Any CPU
		{14EA5A0E-100B-4F86-8721-1D9A997F846A}.Release|x86.ActiveCfg = Release|Any CPU
		{14EA5A0E-100B-4F86-8721-1D9A997F846A}.Release|x86.Build.0 = Release|Any CPU
		{B9C40078-42B9-4B85-823B-8048C67B76E0}.Debug|Any CPU.ActiveCfg = Debug|Any CPU
		{B9C40078-42B9-4B85-823B-8048C67B76E0}.Debug|Any CPU.Build.0 = Debug|Any CPU
		{B9C40078-42B9-4B85-823B-8048C67B76E0}.Debug|x86.ActiveCfg = Debug|Any CPU
		{B9C40078-42B9-4B85-823B-8048C67B76E0}.Debug|x86.Build.0 = Debug|Any CPU
		{B9C40078-42B9-4B85-823B-8048C67B76E0}.Release|Any CPU.ActiveCfg = Release|Any CPU
		{B9C40078-42B9-4B85-823B-8048C67B76E0}.Release|Any CPU.Build.0 = Release|Any CPU
		{B9C40078-42B9-4B85-823B-8048C67B76E0}.Release|x86.ActiveCfg = Release|Any CPU
		{B9C40078-42B9-4B85-823B-8048C67B76E0}.Release|x86.Build.0 = Release|Any CPU
		{CC2F84D3-6D43-4192-8C45-07DF5C2E277F}.Debug|Any CPU.ActiveCfg = Debug|Any CPU
		{CC2F84D3-6D43-4192-8C45-07DF5C2E277F}.Debug|Any CPU.Build.0 = Debug|Any CPU
		{CC2F84D3-6D43-4192-8C45-07DF5C2E277F}.Debug|x86.ActiveCfg = Debug|Any CPU
		{CC2F84D3-6D43-4192-8C45-07DF5C2E277F}.Debug|x86.Build.0 = Debug|Any CPU
		{CC2F84D3-6D43-4192-8C45-07DF5C2E277F}.Release|Any CPU.ActiveCfg = Release|Any CPU
		{CC2F84D3-6D43-4192-8C45-07DF5C2E277F}.Release|Any CPU.Build.0 = Release|Any CPU
		{CC2F84D3-6D43-4192-8C45-07DF5C2E277F}.Release|x86.ActiveCfg = Release|Any CPU
		{CC2F84D3-6D43-4192-8C45-07DF5C2E277F}.Release|x86.Build.0 = Release|Any CPU
		{C42239F6-ED1D-43AE-AAEF-3120FBB3627F}.Debug|Any CPU.ActiveCfg = Debug|Any CPU
		{C42239F6-ED1D-43AE-AAEF-3120FBB3627F}.Debug|Any CPU.Build.0 = Debug|Any CPU
		{C42239F6-ED1D-43AE-AAEF-3120FBB3627F}.Debug|x86.ActiveCfg = Debug|Any CPU
		{C42239F6-ED1D-43AE-AAEF-3120FBB3627F}.Debug|x86.Build.0 = Debug|Any CPU
		{C42239F6-ED1D-43AE-AAEF-3120FBB3627F}.Release|Any CPU.ActiveCfg = Release|Any CPU
		{C42239F6-ED1D-43AE-AAEF-3120FBB3627F}.Release|Any CPU.Build.0 = Release|Any CPU
		{C42239F6-ED1D-43AE-AAEF-3120FBB3627F}.Release|x86.ActiveCfg = Release|Any CPU
		{C42239F6-ED1D-43AE-AAEF-3120FBB3627F}.Release|x86.Build.0 = Release|Any CPU
		{48B69B08-7AD8-4C6E-AD73-3613BEB0EAE8}.Debug|Any CPU.ActiveCfg = Debug|Any CPU
		{48B69B08-7AD8-4C6E-AD73-3613BEB0EAE8}.Debug|Any CPU.Build.0 = Debug|Any CPU
		{48B69B08-7AD8-4C6E-AD73-3613BEB0EAE8}.Debug|x86.ActiveCfg = Debug|Any CPU
		{48B69B08-7AD8-4C6E-AD73-3613BEB0EAE8}.Debug|x86.Build.0 = Debug|Any CPU
		{48B69B08-7AD8-4C6E-AD73-3613BEB0EAE8}.Release|Any CPU.ActiveCfg = Release|Any CPU
		{48B69B08-7AD8-4C6E-AD73-3613BEB0EAE8}.Release|Any CPU.Build.0 = Release|Any CPU
		{48B69B08-7AD8-4C6E-AD73-3613BEB0EAE8}.Release|x86.ActiveCfg = Release|Any CPU
		{48B69B08-7AD8-4C6E-AD73-3613BEB0EAE8}.Release|x86.Build.0 = Release|Any CPU
		{2C4CF165-F9E1-4885-AD7B-476C343C2FAD}.Debug|Any CPU.ActiveCfg = Debug|Any CPU
		{2C4CF165-F9E1-4885-AD7B-476C343C2FAD}.Debug|Any CPU.Build.0 = Debug|Any CPU
		{2C4CF165-F9E1-4885-AD7B-476C343C2FAD}.Debug|x86.ActiveCfg = Debug|Any CPU
		{2C4CF165-F9E1-4885-AD7B-476C343C2FAD}.Debug|x86.Build.0 = Debug|Any CPU
		{2C4CF165-F9E1-4885-AD7B-476C343C2FAD}.Release|Any CPU.ActiveCfg = Release|Any CPU
		{2C4CF165-F9E1-4885-AD7B-476C343C2FAD}.Release|Any CPU.Build.0 = Release|Any CPU
		{2C4CF165-F9E1-4885-AD7B-476C343C2FAD}.Release|x86.ActiveCfg = Release|Any CPU
		{2C4CF165-F9E1-4885-AD7B-476C343C2FAD}.Release|x86.Build.0 = Release|Any CPU
		{D660C4FB-6006-443C-838F-9B74B997ED1D}.Debug|Any CPU.ActiveCfg = Debug|Any CPU
		{D660C4FB-6006-443C-838F-9B74B997ED1D}.Debug|Any CPU.Build.0 = Debug|Any CPU
		{D660C4FB-6006-443C-838F-9B74B997ED1D}.Debug|x86.ActiveCfg = Debug|Any CPU
		{D660C4FB-6006-443C-838F-9B74B997ED1D}.Debug|x86.Build.0 = Debug|Any CPU
		{D660C4FB-6006-443C-838F-9B74B997ED1D}.Release|Any CPU.ActiveCfg = Release|Any CPU
		{D660C4FB-6006-443C-838F-9B74B997ED1D}.Release|Any CPU.Build.0 = Release|Any CPU
		{D660C4FB-6006-443C-838F-9B74B997ED1D}.Release|x86.ActiveCfg = Release|Any CPU
		{D660C4FB-6006-443C-838F-9B74B997ED1D}.Release|x86.Build.0 = Release|Any CPU
		{62D5906A-A73A-4B4A-BB4F-C95C0A8C95D6}.Debug|Any CPU.ActiveCfg = Debug|Any CPU
		{62D5906A-A73A-4B4A-BB4F-C95C0A8C95D6}.Debug|Any CPU.Build.0 = Debug|Any CPU
		{62D5906A-A73A-4B4A-BB4F-C95C0A8C95D6}.Debug|x86.ActiveCfg = Debug|Any CPU
		{62D5906A-A73A-4B4A-BB4F-C95C0A8C95D6}.Debug|x86.Build.0 = Debug|Any CPU
		{62D5906A-A73A-4B4A-BB4F-C95C0A8C95D6}.Release|Any CPU.ActiveCfg = Release|Any CPU
		{62D5906A-A73A-4B4A-BB4F-C95C0A8C95D6}.Release|Any CPU.Build.0 = Release|Any CPU
		{62D5906A-A73A-4B4A-BB4F-C95C0A8C95D6}.Release|x86.ActiveCfg = Release|Any CPU
		{62D5906A-A73A-4B4A-BB4F-C95C0A8C95D6}.Release|x86.Build.0 = Release|Any CPU
		{8C2D4468-E99A-42D3-ACCF-DC5F905235AC}.Debug|Any CPU.ActiveCfg = Debug|Any CPU
		{8C2D4468-E99A-42D3-ACCF-DC5F905235AC}.Debug|Any CPU.Build.0 = Debug|Any CPU
		{8C2D4468-E99A-42D3-ACCF-DC5F905235AC}.Debug|x86.ActiveCfg = Debug|Any CPU
		{8C2D4468-E99A-42D3-ACCF-DC5F905235AC}.Debug|x86.Build.0 = Debug|Any CPU
		{8C2D4468-E99A-42D3-ACCF-DC5F905235AC}.Release|Any CPU.ActiveCfg = Release|Any CPU
		{8C2D4468-E99A-42D3-ACCF-DC5F905235AC}.Release|Any CPU.Build.0 = Release|Any CPU
		{8C2D4468-E99A-42D3-ACCF-DC5F905235AC}.Release|x86.ActiveCfg = Release|Any CPU
		{8C2D4468-E99A-42D3-ACCF-DC5F905235AC}.Release|x86.Build.0 = Release|Any CPU
		{8005E2B8-3068-4B9E-83DC-6504C6196105}.Debug|Any CPU.ActiveCfg = Debug|Any CPU
		{8005E2B8-3068-4B9E-83DC-6504C6196105}.Debug|Any CPU.Build.0 = Debug|Any CPU
		{8005E2B8-3068-4B9E-83DC-6504C6196105}.Debug|x86.ActiveCfg = Debug|Any CPU
		{8005E2B8-3068-4B9E-83DC-6504C6196105}.Debug|x86.Build.0 = Debug|Any CPU
		{8005E2B8-3068-4B9E-83DC-6504C6196105}.Release|Any CPU.ActiveCfg = Release|Any CPU
		{8005E2B8-3068-4B9E-83DC-6504C6196105}.Release|Any CPU.Build.0 = Release|Any CPU
		{8005E2B8-3068-4B9E-83DC-6504C6196105}.Release|x86.ActiveCfg = Release|Any CPU
		{8005E2B8-3068-4B9E-83DC-6504C6196105}.Release|x86.Build.0 = Release|Any CPU
		{6368784E-A506-4BDA-97C4-949C8A291605}.Debug|Any CPU.ActiveCfg = Debug|Any CPU
		{6368784E-A506-4BDA-97C4-949C8A291605}.Debug|Any CPU.Build.0 = Debug|Any CPU
		{6368784E-A506-4BDA-97C4-949C8A291605}.Debug|x86.ActiveCfg = Debug|Any CPU
		{6368784E-A506-4BDA-97C4-949C8A291605}.Debug|x86.Build.0 = Debug|Any CPU
		{6368784E-A506-4BDA-97C4-949C8A291605}.Release|Any CPU.ActiveCfg = Release|Any CPU
		{6368784E-A506-4BDA-97C4-949C8A291605}.Release|Any CPU.Build.0 = Release|Any CPU
		{6368784E-A506-4BDA-97C4-949C8A291605}.Release|x86.ActiveCfg = Release|Any CPU
		{6368784E-A506-4BDA-97C4-949C8A291605}.Release|x86.Build.0 = Release|Any CPU
		{5E3F2479-F466-4BF8-8E54-A5EDF0608599}.Debug|Any CPU.ActiveCfg = Debug|Any CPU
		{5E3F2479-F466-4BF8-8E54-A5EDF0608599}.Debug|Any CPU.Build.0 = Debug|Any CPU
		{5E3F2479-F466-4BF8-8E54-A5EDF0608599}.Debug|x86.ActiveCfg = Debug|Any CPU
		{5E3F2479-F466-4BF8-8E54-A5EDF0608599}.Debug|x86.Build.0 = Debug|Any CPU
		{5E3F2479-F466-4BF8-8E54-A5EDF0608599}.Release|Any CPU.ActiveCfg = Release|Any CPU
		{5E3F2479-F466-4BF8-8E54-A5EDF0608599}.Release|Any CPU.Build.0 = Release|Any CPU
		{5E3F2479-F466-4BF8-8E54-A5EDF0608599}.Release|x86.ActiveCfg = Release|Any CPU
		{5E3F2479-F466-4BF8-8E54-A5EDF0608599}.Release|x86.Build.0 = Release|Any CPU
		{A05112BD-E0FC-44AF-B9C0-BBF012C03A7C}.Debug|Any CPU.ActiveCfg = Debug|Any CPU
		{A05112BD-E0FC-44AF-B9C0-BBF012C03A7C}.Debug|Any CPU.Build.0 = Debug|Any CPU
		{A05112BD-E0FC-44AF-B9C0-BBF012C03A7C}.Debug|x86.ActiveCfg = Debug|Any CPU
		{A05112BD-E0FC-44AF-B9C0-BBF012C03A7C}.Debug|x86.Build.0 = Debug|Any CPU
		{A05112BD-E0FC-44AF-B9C0-BBF012C03A7C}.Release|Any CPU.ActiveCfg = Release|Any CPU
		{A05112BD-E0FC-44AF-B9C0-BBF012C03A7C}.Release|Any CPU.Build.0 = Release|Any CPU
		{A05112BD-E0FC-44AF-B9C0-BBF012C03A7C}.Release|x86.ActiveCfg = Release|Any CPU
		{A05112BD-E0FC-44AF-B9C0-BBF012C03A7C}.Release|x86.Build.0 = Release|Any CPU
		{B584D676-6450-426B-ABF7-A60D8DA8D2F7}.Debug|Any CPU.ActiveCfg = Debug|Any CPU
		{B584D676-6450-426B-ABF7-A60D8DA8D2F7}.Debug|Any CPU.Build.0 = Debug|Any CPU
		{B584D676-6450-426B-ABF7-A60D8DA8D2F7}.Debug|x86.ActiveCfg = Debug|Any CPU
		{B584D676-6450-426B-ABF7-A60D8DA8D2F7}.Debug|x86.Build.0 = Debug|Any CPU
		{B584D676-6450-426B-ABF7-A60D8DA8D2F7}.Release|Any CPU.ActiveCfg = Release|Any CPU
		{B584D676-6450-426B-ABF7-A60D8DA8D2F7}.Release|Any CPU.Build.0 = Release|Any CPU
		{B584D676-6450-426B-ABF7-A60D8DA8D2F7}.Release|x86.ActiveCfg = Release|Any CPU
		{B584D676-6450-426B-ABF7-A60D8DA8D2F7}.Release|x86.Build.0 = Release|Any CPU
		{5A73F4F4-B5B8-4942-8896-23DB3103C91C}.Debug|Any CPU.ActiveCfg = Debug|Any CPU
		{5A73F4F4-B5B8-4942-8896-23DB3103C91C}.Debug|Any CPU.Build.0 = Debug|Any CPU
		{5A73F4F4-B5B8-4942-8896-23DB3103C91C}.Debug|x86.ActiveCfg = Debug|Any CPU
		{5A73F4F4-B5B8-4942-8896-23DB3103C91C}.Debug|x86.Build.0 = Debug|Any CPU
		{5A73F4F4-B5B8-4942-8896-23DB3103C91C}.Release|Any CPU.ActiveCfg = Release|Any CPU
		{5A73F4F4-B5B8-4942-8896-23DB3103C91C}.Release|Any CPU.Build.0 = Release|Any CPU
		{5A73F4F4-B5B8-4942-8896-23DB3103C91C}.Release|x86.ActiveCfg = Release|Any CPU
		{5A73F4F4-B5B8-4942-8896-23DB3103C91C}.Release|x86.Build.0 = Release|Any CPU
		{9CE2568E-26E5-4E1A-BF7E-EFF84A8B8722}.Debug|Any CPU.ActiveCfg = Debug|Any CPU
		{9CE2568E-26E5-4E1A-BF7E-EFF84A8B8722}.Debug|Any CPU.Build.0 = Debug|Any CPU
		{9CE2568E-26E5-4E1A-BF7E-EFF84A8B8722}.Debug|x86.ActiveCfg = Debug|Any CPU
		{9CE2568E-26E5-4E1A-BF7E-EFF84A8B8722}.Debug|x86.Build.0 = Debug|Any CPU
		{9CE2568E-26E5-4E1A-BF7E-EFF84A8B8722}.Release|Any CPU.ActiveCfg = Release|Any CPU
		{9CE2568E-26E5-4E1A-BF7E-EFF84A8B8722}.Release|Any CPU.Build.0 = Release|Any CPU
		{9CE2568E-26E5-4E1A-BF7E-EFF84A8B8722}.Release|x86.ActiveCfg = Release|Any CPU
		{9CE2568E-26E5-4E1A-BF7E-EFF84A8B8722}.Release|x86.Build.0 = Release|Any CPU
		{4B86F103-1407-4B1D-AA2E-CB92B12B081B}.Debug|Any CPU.ActiveCfg = Debug|Any CPU
		{4B86F103-1407-4B1D-AA2E-CB92B12B081B}.Debug|Any CPU.Build.0 = Debug|Any CPU
		{4B86F103-1407-4B1D-AA2E-CB92B12B081B}.Debug|x86.ActiveCfg = Debug|Any CPU
		{4B86F103-1407-4B1D-AA2E-CB92B12B081B}.Debug|x86.Build.0 = Debug|Any CPU
		{4B86F103-1407-4B1D-AA2E-CB92B12B081B}.Release|Any CPU.ActiveCfg = Release|Any CPU
		{4B86F103-1407-4B1D-AA2E-CB92B12B081B}.Release|Any CPU.Build.0 = Release|Any CPU
		{4B86F103-1407-4B1D-AA2E-CB92B12B081B}.Release|x86.ActiveCfg = Release|Any CPU
		{4B86F103-1407-4B1D-AA2E-CB92B12B081B}.Release|x86.Build.0 = Release|Any CPU
		{EB21EC5D-0CE7-4BDB-B038-3BA165BA6486}.Debug|Any CPU.ActiveCfg = Debug|Any CPU
		{EB21EC5D-0CE7-4BDB-B038-3BA165BA6486}.Debug|Any CPU.Build.0 = Debug|Any CPU
		{EB21EC5D-0CE7-4BDB-B038-3BA165BA6486}.Debug|x86.ActiveCfg = Debug|Any CPU
		{EB21EC5D-0CE7-4BDB-B038-3BA165BA6486}.Debug|x86.Build.0 = Debug|Any CPU
		{EB21EC5D-0CE7-4BDB-B038-3BA165BA6486}.Release|Any CPU.ActiveCfg = Release|Any CPU
		{EB21EC5D-0CE7-4BDB-B038-3BA165BA6486}.Release|Any CPU.Build.0 = Release|Any CPU
		{EB21EC5D-0CE7-4BDB-B038-3BA165BA6486}.Release|x86.ActiveCfg = Release|Any CPU
		{EB21EC5D-0CE7-4BDB-B038-3BA165BA6486}.Release|x86.Build.0 = Release|Any CPU
		{E7D446EE-C347-4903-8D39-EC030DE78D82}.Debug|Any CPU.ActiveCfg = Debug|Any CPU
		{E7D446EE-C347-4903-8D39-EC030DE78D82}.Debug|Any CPU.Build.0 = Debug|Any CPU
		{E7D446EE-C347-4903-8D39-EC030DE78D82}.Debug|x86.ActiveCfg = Debug|Any CPU
		{E7D446EE-C347-4903-8D39-EC030DE78D82}.Debug|x86.Build.0 = Debug|Any CPU
		{E7D446EE-C347-4903-8D39-EC030DE78D82}.Release|Any CPU.ActiveCfg = Release|Any CPU
		{E7D446EE-C347-4903-8D39-EC030DE78D82}.Release|Any CPU.Build.0 = Release|Any CPU
		{E7D446EE-C347-4903-8D39-EC030DE78D82}.Release|x86.ActiveCfg = Release|Any CPU
		{E7D446EE-C347-4903-8D39-EC030DE78D82}.Release|x86.Build.0 = Release|Any CPU
		{FD2390AC-2D9E-4289-8214-0A75294C39D2}.Debug|Any CPU.ActiveCfg = Debug|Any CPU
		{FD2390AC-2D9E-4289-8214-0A75294C39D2}.Debug|Any CPU.Build.0 = Debug|Any CPU
		{FD2390AC-2D9E-4289-8214-0A75294C39D2}.Debug|x86.ActiveCfg = Debug|Any CPU
		{FD2390AC-2D9E-4289-8214-0A75294C39D2}.Debug|x86.Build.0 = Debug|Any CPU
		{FD2390AC-2D9E-4289-8214-0A75294C39D2}.Release|Any CPU.ActiveCfg = Release|Any CPU
		{FD2390AC-2D9E-4289-8214-0A75294C39D2}.Release|Any CPU.Build.0 = Release|Any CPU
		{FD2390AC-2D9E-4289-8214-0A75294C39D2}.Release|x86.ActiveCfg = Release|Any CPU
		{FD2390AC-2D9E-4289-8214-0A75294C39D2}.Release|x86.Build.0 = Release|Any CPU
		{4BDEA975-0952-4AAC-962B-8C8C1349C865}.Debug|Any CPU.ActiveCfg = Debug|Any CPU
		{4BDEA975-0952-4AAC-962B-8C8C1349C865}.Debug|Any CPU.Build.0 = Debug|Any CPU
		{4BDEA975-0952-4AAC-962B-8C8C1349C865}.Debug|x86.ActiveCfg = Debug|Any CPU
		{4BDEA975-0952-4AAC-962B-8C8C1349C865}.Debug|x86.Build.0 = Debug|Any CPU
		{4BDEA975-0952-4AAC-962B-8C8C1349C865}.Release|Any CPU.ActiveCfg = Release|Any CPU
		{4BDEA975-0952-4AAC-962B-8C8C1349C865}.Release|Any CPU.Build.0 = Release|Any CPU
		{4BDEA975-0952-4AAC-962B-8C8C1349C865}.Release|x86.ActiveCfg = Release|Any CPU
		{4BDEA975-0952-4AAC-962B-8C8C1349C865}.Release|x86.Build.0 = Release|Any CPU
		{81C8C9D0-CCAE-45EE-A048-16424264FA74}.Debug|Any CPU.ActiveCfg = Debug|Any CPU
		{81C8C9D0-CCAE-45EE-A048-16424264FA74}.Debug|Any CPU.Build.0 = Debug|Any CPU
		{81C8C9D0-CCAE-45EE-A048-16424264FA74}.Debug|x86.ActiveCfg = Debug|Any CPU
		{81C8C9D0-CCAE-45EE-A048-16424264FA74}.Debug|x86.Build.0 = Debug|Any CPU
		{81C8C9D0-CCAE-45EE-A048-16424264FA74}.Release|Any CPU.ActiveCfg = Release|Any CPU
		{81C8C9D0-CCAE-45EE-A048-16424264FA74}.Release|Any CPU.Build.0 = Release|Any CPU
		{81C8C9D0-CCAE-45EE-A048-16424264FA74}.Release|x86.ActiveCfg = Release|Any CPU
		{81C8C9D0-CCAE-45EE-A048-16424264FA74}.Release|x86.Build.0 = Release|Any CPU
		{F1A9D3F6-EB95-4F91-9E29-CFC7E8FF1EB9}.Debug|Any CPU.ActiveCfg = Debug|Any CPU
		{F1A9D3F6-EB95-4F91-9E29-CFC7E8FF1EB9}.Debug|Any CPU.Build.0 = Debug|Any CPU
		{F1A9D3F6-EB95-4F91-9E29-CFC7E8FF1EB9}.Debug|x86.ActiveCfg = Debug|Any CPU
		{F1A9D3F6-EB95-4F91-9E29-CFC7E8FF1EB9}.Debug|x86.Build.0 = Debug|Any CPU
		{F1A9D3F6-EB95-4F91-9E29-CFC7E8FF1EB9}.Release|Any CPU.ActiveCfg = Release|Any CPU
		{F1A9D3F6-EB95-4F91-9E29-CFC7E8FF1EB9}.Release|Any CPU.Build.0 = Release|Any CPU
		{F1A9D3F6-EB95-4F91-9E29-CFC7E8FF1EB9}.Release|x86.ActiveCfg = Release|Any CPU
		{F1A9D3F6-EB95-4F91-9E29-CFC7E8FF1EB9}.Release|x86.Build.0 = Release|Any CPU
		{D50A52AB-B65D-41F9-AA24-5EBA34E3659D}.Debug|Any CPU.ActiveCfg = Debug|Any CPU
		{D50A52AB-B65D-41F9-AA24-5EBA34E3659D}.Debug|Any CPU.Build.0 = Debug|Any CPU
		{D50A52AB-B65D-41F9-AA24-5EBA34E3659D}.Debug|x86.ActiveCfg = Debug|Any CPU
		{D50A52AB-B65D-41F9-AA24-5EBA34E3659D}.Debug|x86.Build.0 = Debug|Any CPU
		{D50A52AB-B65D-41F9-AA24-5EBA34E3659D}.Release|Any CPU.ActiveCfg = Release|Any CPU
		{D50A52AB-B65D-41F9-AA24-5EBA34E3659D}.Release|Any CPU.Build.0 = Release|Any CPU
		{D50A52AB-B65D-41F9-AA24-5EBA34E3659D}.Release|x86.ActiveCfg = Release|Any CPU
		{D50A52AB-B65D-41F9-AA24-5EBA34E3659D}.Release|x86.Build.0 = Release|Any CPU
		{8B445CF1-DA11-40D4-A6F1-1C00ED775631}.Debug|Any CPU.ActiveCfg = Debug|Any CPU
		{8B445CF1-DA11-40D4-A6F1-1C00ED775631}.Debug|Any CPU.Build.0 = Debug|Any CPU
		{8B445CF1-DA11-40D4-A6F1-1C00ED775631}.Debug|x86.ActiveCfg = Debug|Any CPU
		{8B445CF1-DA11-40D4-A6F1-1C00ED775631}.Debug|x86.Build.0 = Debug|Any CPU
		{8B445CF1-DA11-40D4-A6F1-1C00ED775631}.Release|Any CPU.ActiveCfg = Release|Any CPU
		{8B445CF1-DA11-40D4-A6F1-1C00ED775631}.Release|Any CPU.Build.0 = Release|Any CPU
		{8B445CF1-DA11-40D4-A6F1-1C00ED775631}.Release|x86.ActiveCfg = Release|Any CPU
		{8B445CF1-DA11-40D4-A6F1-1C00ED775631}.Release|x86.Build.0 = Release|Any CPU
	EndGlobalSection
	GlobalSection(SolutionProperties) = preSolution
		HideSolutionNode = FALSE
	EndGlobalSection
	GlobalSection(NestedProjects) = preSolution
		{48B69B08-7AD8-4C6E-AD73-3613BEB0EAE8} = {FE650740-6133-4AE8-9C7A-6BC8478E29BC}
		{D660C4FB-6006-443C-838F-9B74B997ED1D} = {FE650740-6133-4AE8-9C7A-6BC8478E29BC}
		{62D5906A-A73A-4B4A-BB4F-C95C0A8C95D6} = {FE650740-6133-4AE8-9C7A-6BC8478E29BC}
		{8C2D4468-E99A-42D3-ACCF-DC5F905235AC} = {FE650740-6133-4AE8-9C7A-6BC8478E29BC}
		{8005E2B8-3068-4B9E-83DC-6504C6196105} = {FE650740-6133-4AE8-9C7A-6BC8478E29BC}
		{5A73F4F4-B5B8-4942-8896-23DB3103C91C} = {28FC91F7-E43B-45C0-AF7B-5003BCF0626F}
		{4B86F103-1407-4B1D-AA2E-CB92B12B081B} = {FE650740-6133-4AE8-9C7A-6BC8478E29BC}
	EndGlobalSection
	GlobalSection(ExtensibilityGlobals) = postSolution
		SolutionGuid = {ED22073D-6C04-4F62-80B2-5EE0EA19C68D}
	EndGlobalSection
EndGlobal
