
Microsoft Visual Studio Solution File, Format Version 12.00
# Visual Studio 15
VisualStudioVersion = 15.0.28307.645
MinimumVisualStudioVersion = 10.0.40219.1
Project("{9A19103F-16F7-4668-BE54-9A1E7A4F7556}") = "Rogue.Settings", "..\Rogue.Settings\Rogue.Settings.csproj", "{A8603FCF-A49B-431B-8FC1-5E037A514533}"
EndProject
Project("{9A19103F-16F7-4668-BE54-9A1E7A4F7556}") = "Rogue.Types", "..\Rogue.Types\Rogue.Types.csproj", "{64599794-B385-4455-90F7-E209F17C4C09}"
EndProject
Project("{9A19103F-16F7-4668-BE54-9A1E7A4F7556}") = "Rogue.Utils", "..\Rogue.Utils\Rogue.Utils.csproj", "{AA0CDDE3-37C9-460F-B7C4-E8D51E4FC7C5}"
EndProject
Global
	GlobalSection(SolutionConfigurationPlatforms) = preSolution
		Debug|Any CPU = Debug|Any CPU
		Release|Any CPU = Release|Any CPU
	EndGlobalSection
	GlobalSection(ProjectConfigurationPlatforms) = postSolution
		{A8603FCF-A49B-431B-8FC1-5E037A514533}.Debug|Any CPU.ActiveCfg = Debug|Any CPU
		{A8603FCF-A49B-431B-8FC1-5E037A514533}.Debug|Any CPU.Build.0 = Debug|Any CPU
		{A8603FCF-A49B-431B-8FC1-5E037A514533}.Release|Any CPU.ActiveCfg = Release|Any CPU
		{A8603FCF-A49B-431B-8FC1-5E037A514533}.Release|Any CPU.Build.0 = Release|Any CPU
		{64599794-B385-4455-90F7-E209F17C4C09}.Debug|Any CPU.ActiveCfg = Debug|Any CPU
		{64599794-B385-4455-90F7-E209F17C4C09}.Debug|Any CPU.Build.0 = Debug|Any CPU
		{64599794-B385-4455-90F7-E209F17C4C09}.Release|Any CPU.ActiveCfg = Release|Any CPU
		{64599794-B385-4455-90F7-E209F17C4C09}.Release|Any CPU.Build.0 = Release|Any CPU
		{AA0CDDE3-37C9-460F-B7C4-E8D51E4FC7C5}.Debug|Any CPU.ActiveCfg = Debug|Any CPU
		{AA0CDDE3-37C9-460F-B7C4-E8D51E4FC7C5}.Debug|Any CPU.Build.0 = Debug|Any CPU
		{AA0CDDE3-37C9-460F-B7C4-E8D51E4FC7C5}.Release|Any CPU.ActiveCfg = Release|Any CPU
		{AA0CDDE3-37C9-460F-B7C4-E8D51E4FC7C5}.Release|Any CPU.Build.0 = Release|Any CPU
	EndGlobalSection
	GlobalSection(SolutionProperties) = preSolution
		HideSolutionNode = FALSE
	EndGlobalSection
	GlobalSection(ExtensibilityGlobals) = postSolution
		SolutionGuid = {6F261D85-86C4-4C5F-9186-3422018F7AFB}
	EndGlobalSection
EndGlobal
