Microsoft Visual Studio Solution File, Format Version 12.00
# Visual Studio 15
VisualStudioVersion = 15.0.28307.645
MinimumVisualStudioVersion = 10.0.40219.1
Project("{9A19103F-16F7-4668-BE54-9A1E7A4F7556}") = "Rogue.Settings.Android", "C:\Users\a.tretyakov\source\repos\Rogue2\Rogue.Settings\Rogue.Settings.Android.csproj", "{411fd8f5-bce1-4fac-adf2-678f6a30656d}"
EndProject
Project("{9A19103F-16F7-4668-BE54-9A1E7A4F7556}") = "Rogue.Types.Android", "C:\Users\a.tretyakov\source\repos\Rogue2\Rogue.Types\Rogue.Types.Android.csproj", "{c77a2849-8263-4402-8006-4d9e1161467a}"
EndProject
Project("{9A19103F-16F7-4668-BE54-9A1E7A4F7556}") = "Rogue.Utils.Android", "C:\Users\a.tretyakov\source\repos\Rogue2\Rogue.Utils\Rogue.Utils.Android.csproj", "{80c74b5e-96ab-4fe0-ac5a-566e353d3091}"
EndProject
